// !$*UTF8*$!
{
	archiveVersion = 1;
	classes = {
	};
	objectVersion = 56;
	objects = {

/* Begin PBXBuildFile section */
		5634595F2C45CD8F00D179B1 /* ExerciseDocScan_ExerciseDocScan_ExerciseDocScan_ExerciseDocScanApp.swift in Sources */ = {isa = PBXBuildFile; fileRef = 5634595E2C45CD8F00D179B1 /* ExerciseDocScan_ExerciseDocScan_ExerciseDocScan_ExerciseDocScanApp.swift */; };
		563459612C45CD8F00D179B1 /* ContentView.swift in Sources */ = {isa = PBXBuildFile; fileRef = 563459602C45CD8F00D179B1 /* ContentView.swift */; };
		563459632C45CD9200D179B1 /* Assets.xcassets in Resources */ = {isa = PBXBuildFile; fileRef = 563459622C45CD9200D179B1 /* Assets.xcassets */; };
		563459662C45CD9200D179B1 /* Preview Assets.xcassets in Resources */ = {isa = PBXBuildFile; fileRef = 563459652C45CD9200D179B1 /* Preview Assets.xcassets */; };
		563459702C45CD9300D179B1 /* ExerciseDocScan_ExerciseDocScan_ExerciseDocScan_ExerciseDocScanTests.swift in Sources */ = {isa = PBXBuildFile; fileRef = 5634596F2C45CD9300D179B1 /* ExerciseDocScan_ExerciseDocScan_ExerciseDocScan_ExerciseDocScanTests.swift */; };
		5634597A2C45CD9300D179B1 /* ExerciseDocScan_ExerciseDocScan_ExerciseDocScan_ExerciseDocScanUITests.swift in Sources */ = {isa = PBXBuildFile; fileRef = 563459792C45CD9300D179B1 /* ExerciseDocScan_ExerciseDocScan_ExerciseDocScan_ExerciseDocScanUITests.swift */; };
		5634597C2C45CD9300D179B1 /* ExerciseDocScan_ExerciseDocScan_ExerciseDocScan_ExerciseDocScanUITestsLaunchTests.swift in Sources */ = {isa = PBXBuildFile; fileRef = 5634597B2C45CD9300D179B1 /* ExerciseDocScan_ExerciseDocScan_ExerciseDocScan_ExerciseDocScanUITestsLaunchTests.swift */; };
		5634598B2C45CE5B00D179B1 /* InC.cpp in Sources */ = {isa = PBXBuildFile; fileRef = 563459892C45CE5B00D179B1 /* InC.cpp */; };
/* End PBXBuildFile section */

/* Begin PBXContainerItemProxy section */
		5634596C2C45CD9300D179B1 /* PBXContainerItemProxy */ = {
			isa = PBXContainerItemProxy;
			containerPortal = 563459532C45CD8F00D179B1 /* Project object */;
			proxyType = 1;
			remoteGlobalIDString = 5634595A2C45CD8F00D179B1;
			remoteInfo = "ExerciseDocScan ExerciseDocScan ExerciseDocScan ExerciseDocScan";
		};
		563459762C45CD9300D179B1 /* PBXContainerItemProxy */ = {
			isa = PBXContainerItemProxy;
			containerPortal = 563459532C45CD8F00D179B1 /* Project object */;
			proxyType = 1;
			remoteGlobalIDString = 5634595A2C45CD8F00D179B1;
			remoteInfo = "ExerciseDocScan ExerciseDocScan ExerciseDocScan ExerciseDocScan";
		};
/* End PBXContainerItemProxy section */

/* Begin PBXFileReference section */
		5634595B2C45CD8F00D179B1 /* ExerciseDocScan ExerciseDocScan ExerciseDocScan ExerciseDocScan.app */ = {isa = PBXFileReference; explicitFileType = wrapper.application; includeInIndex = 0; path = "ExerciseDocScan ExerciseDocScan ExerciseDocScan ExerciseDocScan.app"; sourceTree = BUILT_PRODUCTS_DIR; };
		5634595E2C45CD8F00D179B1 /* ExerciseDocScan_ExerciseDocScan_ExerciseDocScan_ExerciseDocScanApp.swift */ = {isa = PBXFileReference; lastKnownFileType = sourcecode.swift; path = ExerciseDocScan_ExerciseDocScan_ExerciseDocScan_ExerciseDocScanApp.swift; sourceTree = "<group>"; };
		563459602C45CD8F00D179B1 /* ContentView.swift */ = {isa = PBXFileReference; lastKnownFileType = sourcecode.swift; path = ContentView.swift; sourceTree = "<group>"; };
		563459622C45CD9200D179B1 /* Assets.xcassets */ = {isa = PBXFileReference; lastKnownFileType = folder.assetcatalog; path = Assets.xcassets; sourceTree = "<group>"; };
		563459652C45CD9200D179B1 /* Preview Assets.xcassets */ = {isa = PBXFileReference; lastKnownFileType = folder.assetcatalog; path = "Preview Assets.xcassets"; sourceTree = "<group>"; };
		5634596B2C45CD9300D179B1 /* ExerciseDocScan ExerciseDocScan ExerciseDocScan ExerciseDocScanTests.xctest */ = {isa = PBXFileReference; explicitFileType = wrapper.cfbundle; includeInIndex = 0; path = "ExerciseDocScan ExerciseDocScan ExerciseDocScan ExerciseDocScanTests.xctest"; sourceTree = BUILT_PRODUCTS_DIR; };
		5634596F2C45CD9300D179B1 /* ExerciseDocScan_ExerciseDocScan_ExerciseDocScan_ExerciseDocScanTests.swift */ = {isa = PBXFileReference; lastKnownFileType = sourcecode.swift; path = ExerciseDocScan_ExerciseDocScan_ExerciseDocScan_ExerciseDocScanTests.swift; sourceTree = "<group>"; };
		563459752C45CD9300D179B1 /* ExerciseDocScan ExerciseDocScan ExerciseDocScan ExerciseDocScanUITests.xctest */ = {isa = PBXFileReference; explicitFileType = wrapper.cfbundle; includeInIndex = 0; path = "ExerciseDocScan ExerciseDocScan ExerciseDocScan ExerciseDocScanUITests.xctest"; sourceTree = BUILT_PRODUCTS_DIR; };
		563459792C45CD9300D179B1 /* ExerciseDocScan_ExerciseDocScan_ExerciseDocScan_ExerciseDocScanUITests.swift */ = {isa = PBXFileReference; lastKnownFileType = sourcecode.swift; path = ExerciseDocScan_ExerciseDocScan_ExerciseDocScan_ExerciseDocScanUITests.swift; sourceTree = "<group>"; };
		5634597B2C45CD9300D179B1 /* ExerciseDocScan_ExerciseDocScan_ExerciseDocScan_ExerciseDocScanUITestsLaunchTests.swift */ = {isa = PBXFileReference; lastKnownFileType = sourcecode.swift; path = ExerciseDocScan_ExerciseDocScan_ExerciseDocScan_ExerciseDocScanUITestsLaunchTests.swift; sourceTree = "<group>"; };
		563459882C45CE5B00D179B1 /* ExerciseDocScan ExerciseDocScan ExerciseDocScan ExerciseDocScan-Bridging-Header.h */ = {isa = PBXFileReference; lastKnownFileType = sourcecode.c.h; path = "ExerciseDocScan ExerciseDocScan ExerciseDocScan ExerciseDocScan-Bridging-Header.h"; sourceTree = "<group>"; };
		563459892C45CE5B00D179B1 /* InC.cpp */ = {isa = PBXFileReference; lastKnownFileType = sourcecode.cpp.cpp; path = InC.cpp; sourceTree = "<group>"; };
		5634598A2C45CE5B00D179B1 /* InC.hpp */ = {isa = PBXFileReference; lastKnownFileType = sourcecode.cpp.h; path = InC.hpp; sourceTree = "<group>"; };
/* End PBXFileReference section */

/* Begin PBXFrameworksBuildPhase section */
		563459582C45CD8F00D179B1 /* Frameworks */ = {
			isa = PBXFrameworksBuildPhase;
			buildActionMask = 2147483647;
			files = (
			);
			runOnlyForDeploymentPostprocessing = 0;
		};
		563459682C45CD9300D179B1 /* Frameworks */ = {
			isa = PBXFrameworksBuildPhase;
			buildActionMask = 2147483647;
			files = (
			);
			runOnlyForDeploymentPostprocessing = 0;
		};
		563459722C45CD9300D179B1 /* Frameworks */ = {
			isa = PBXFrameworksBuildPhase;
			buildActionMask = 2147483647;
			files = (
			);
			runOnlyForDeploymentPostprocessing = 0;
		};
/* End PBXFrameworksBuildPhase section */

/* Begin PBXGroup section */
		563459522C45CD8F00D179B1 = {
			isa = PBXGroup;
			children = (
				5634595D2C45CD8F00D179B1 /* ExerciseDocScan ExerciseDocScan ExerciseDocScan ExerciseDocScan */,
				5634596E2C45CD9300D179B1 /* ExerciseDocScan ExerciseDocScan ExerciseDocScan ExerciseDocScanTests */,
				563459782C45CD9300D179B1 /* ExerciseDocScan ExerciseDocScan ExerciseDocScan ExerciseDocScanUITests */,
				5634595C2C45CD8F00D179B1 /* Products */,
			);
			sourceTree = "<group>";
		};
		5634595C2C45CD8F00D179B1 /* Products */ = {
			isa = PBXGroup;
			children = (
				5634595B2C45CD8F00D179B1 /* ExerciseDocScan ExerciseDocScan ExerciseDocScan ExerciseDocScan.app */,
				5634596B2C45CD9300D179B1 /* ExerciseDocScan ExerciseDocScan ExerciseDocScan ExerciseDocScanTests.xctest */,
				563459752C45CD9300D179B1 /* ExerciseDocScan ExerciseDocScan ExerciseDocScan ExerciseDocScanUITests.xctest */,
			);
			name = Products;
			sourceTree = "<group>";
		};
		5634595D2C45CD8F00D179B1 /* ExerciseDocScan ExerciseDocScan ExerciseDocScan ExerciseDocScan */ = {
			isa = PBXGroup;
			children = (
				5634595E2C45CD8F00D179B1 /* ExerciseDocScan_ExerciseDocScan_ExerciseDocScan_ExerciseDocScanApp.swift */,
				563459602C45CD8F00D179B1 /* ContentView.swift */,
				563459622C45CD9200D179B1 /* Assets.xcassets */,
				563459642C45CD9200D179B1 /* Preview Content */,
				563459892C45CE5B00D179B1 /* InC.cpp */,
				5634598A2C45CE5B00D179B1 /* InC.hpp */,
				563459882C45CE5B00D179B1 /* ExerciseDocScan ExerciseDocScan ExerciseDocScan ExerciseDocScan-Bridging-Header.h */,
			);
			path = "ExerciseDocScan ExerciseDocScan ExerciseDocScan ExerciseDocScan";
			sourceTree = "<group>";
		};
		563459642C45CD9200D179B1 /* Preview Content */ = {
			isa = PBXGroup;
			children = (
				563459652C45CD9200D179B1 /* Preview Assets.xcassets */,
			);
			path = "Preview Content";
			sourceTree = "<group>";
		};
		5634596E2C45CD9300D179B1 /* ExerciseDocScan ExerciseDocScan ExerciseDocScan ExerciseDocScanTests */ = {
			isa = PBXGroup;
			children = (
				5634596F2C45CD9300D179B1 /* ExerciseDocScan_ExerciseDocScan_ExerciseDocScan_ExerciseDocScanTests.swift */,
			);
			path = "ExerciseDocScan ExerciseDocScan ExerciseDocScan ExerciseDocScanTests";
			sourceTree = "<group>";
		};
		563459782C45CD9300D179B1 /* ExerciseDocScan ExerciseDocScan ExerciseDocScan ExerciseDocScanUITests */ = {
			isa = PBXGroup;
			children = (
				563459792C45CD9300D179B1 /* ExerciseDocScan_ExerciseDocScan_ExerciseDocScan_ExerciseDocScanUITests.swift */,
				5634597B2C45CD9300D179B1 /* ExerciseDocScan_ExerciseDocScan_ExerciseDocScan_ExerciseDocScanUITestsLaunchTests.swift */,
			);
			path = "ExerciseDocScan ExerciseDocScan ExerciseDocScan ExerciseDocScanUITests";
			sourceTree = "<group>";
		};
/* End PBXGroup section */

/* Begin PBXNativeTarget section */
		5634595A2C45CD8F00D179B1 /* ExerciseDocScan ExerciseDocScan ExerciseDocScan ExerciseDocScan */ = {
			isa = PBXNativeTarget;
			buildConfigurationList = 5634597F2C45CD9300D179B1 /* Build configuration list for PBXNativeTarget "ExerciseDocScan ExerciseDocScan ExerciseDocScan ExerciseDocScan" */;
			buildPhases = (
				563459572C45CD8F00D179B1 /* Sources */,
				563459582C45CD8F00D179B1 /* Frameworks */,
				563459592C45CD8F00D179B1 /* Resources */,
			);
			buildRules = (
			);
			dependencies = (
			);
			name = "ExerciseDocScan ExerciseDocScan ExerciseDocScan ExerciseDocScan";
			productName = "ExerciseDocScan ExerciseDocScan ExerciseDocScan ExerciseDocScan";
			productReference = 5634595B2C45CD8F00D179B1 /* ExerciseDocScan ExerciseDocScan ExerciseDocScan ExerciseDocScan.app */;
			productType = "com.apple.product-type.application";
		};
		5634596A2C45CD9300D179B1 /* ExerciseDocScan ExerciseDocScan ExerciseDocScan ExerciseDocScanTests */ = {
			isa = PBXNativeTarget;
			buildConfigurationList = 563459822C45CD9300D179B1 /* Build configuration list for PBXNativeTarget "ExerciseDocScan ExerciseDocScan ExerciseDocScan ExerciseDocScanTests" */;
			buildPhases = (
				563459672C45CD9300D179B1 /* Sources */,
				563459682C45CD9300D179B1 /* Frameworks */,
				563459692C45CD9300D179B1 /* Resources */,
			);
			buildRules = (
			);
			dependencies = (
				5634596D2C45CD9300D179B1 /* PBXTargetDependency */,
			);
			name = "ExerciseDocScan ExerciseDocScan ExerciseDocScan ExerciseDocScanTests";
			productName = "ExerciseDocScan ExerciseDocScan ExerciseDocScan ExerciseDocScanTests";
			productReference = 5634596B2C45CD9300D179B1 /* ExerciseDocScan ExerciseDocScan ExerciseDocScan ExerciseDocScanTests.xctest */;
			productType = "com.apple.product-type.bundle.unit-test";
		};
		563459742C45CD9300D179B1 /* ExerciseDocScan ExerciseDocScan ExerciseDocScan ExerciseDocScanUITests */ = {
			isa = PBXNativeTarget;
			buildConfigurationList = 563459852C45CD9300D179B1 /* Build configuration list for PBXNativeTarget "ExerciseDocScan ExerciseDocScan ExerciseDocScan ExerciseDocScanUITests" */;
			buildPhases = (
				563459712C45CD9300D179B1 /* Sources */,
				563459722C45CD9300D179B1 /* Frameworks */,
				563459732C45CD9300D179B1 /* Resources */,
			);
			buildRules = (
			);
			dependencies = (
				563459772C45CD9300D179B1 /* PBXTargetDependency */,
			);
			name = "ExerciseDocScan ExerciseDocScan ExerciseDocScan ExerciseDocScanUITests";
			productName = "ExerciseDocScan ExerciseDocScan ExerciseDocScan ExerciseDocScanUITests";
			productReference = 563459752C45CD9300D179B1 /* ExerciseDocScan ExerciseDocScan ExerciseDocScan ExerciseDocScanUITests.xctest */;
			productType = "com.apple.product-type.bundle.ui-testing";
		};
/* End PBXNativeTarget section */

/* Begin PBXProject section */
		563459532C45CD8F00D179B1 /* Project object */ = {
			isa = PBXProject;
			attributes = {
				BuildIndependentTargetsInParallel = 1;
				LastSwiftUpdateCheck = 1520;
				LastUpgradeCheck = 1520;
				TargetAttributes = {
					5634595A2C45CD8F00D179B1 = {
						CreatedOnToolsVersion = 15.2;
						LastSwiftMigration = 1520;
					};
					5634596A2C45CD9300D179B1 = {
						CreatedOnToolsVersion = 15.2;
						TestTargetID = 5634595A2C45CD8F00D179B1;
					};
					563459742C45CD9300D179B1 = {
						CreatedOnToolsVersion = 15.2;
						TestTargetID = 5634595A2C45CD8F00D179B1;
					};
				};
			};
			buildConfigurationList = 563459562C45CD8F00D179B1 /* Build configuration list for PBXProject "ExerciseDocScan ExerciseDocScan ExerciseDocScan ExerciseDocScan" */;
			compatibilityVersion = "Xcode 14.0";
			developmentRegion = en;
			hasScannedForEncodings = 0;
			knownRegions = (
				en,
				Base,
			);
			mainGroup = 563459522C45CD8F00D179B1;
			productRefGroup = 5634595C2C45CD8F00D179B1 /* Products */;
			projectDirPath = "";
			projectRoot = "";
			targets = (
				5634595A2C45CD8F00D179B1 /* ExerciseDocScan ExerciseDocScan ExerciseDocScan ExerciseDocScan */,
				5634596A2C45CD9300D179B1 /* ExerciseDocScan ExerciseDocScan ExerciseDocScan ExerciseDocScanTests */,
				563459742C45CD9300D179B1 /* ExerciseDocScan ExerciseDocScan ExerciseDocScan ExerciseDocScanUITests */,
			);
		};
/* End PBXProject section */

/* Begin PBXResourcesBuildPhase section */
		563459592C45CD8F00D179B1 /* Resources */ = {
			isa = PBXResourcesBuildPhase;
			buildActionMask = 2147483647;
			files = (
				563459662C45CD9200D179B1 /* Preview Assets.xcassets in Resources */,
				563459632C45CD9200D179B1 /* Assets.xcassets in Resources */,
			);
			runOnlyForDeploymentPostprocessing = 0;
		};
		563459692C45CD9300D179B1 /* Resources */ = {
			isa = PBXResourcesBuildPhase;
			buildActionMask = 2147483647;
			files = (
			);
			runOnlyForDeploymentPostprocessing = 0;
		};
		563459732C45CD9300D179B1 /* Resources */ = {
			isa = PBXResourcesBuildPhase;
			buildActionMask = 2147483647;
			files = (
			);
			runOnlyForDeploymentPostprocessing = 0;
		};
/* End PBXResourcesBuildPhase section */

/* Begin PBXSourcesBuildPhase section */
		563459572C45CD8F00D179B1 /* Sources */ = {
			isa = PBXSourcesBuildPhase;
			buildActionMask = 2147483647;
			files = (
				5634598B2C45CE5B00D179B1 /* InC.cpp in Sources */,
				563459612C45CD8F00D179B1 /* ContentView.swift in Sources */,
				5634595F2C45CD8F00D179B1 /* ExerciseDocScan_ExerciseDocScan_ExerciseDocScan_ExerciseDocScanApp.swift in Sources */,
			);
			runOnlyForDeploymentPostprocessing = 0;
		};
		563459672C45CD9300D179B1 /* Sources */ = {
			isa = PBXSourcesBuildPhase;
			buildActionMask = 2147483647;
			files = (
				563459702C45CD9300D179B1 /* ExerciseDocScan_ExerciseDocScan_ExerciseDocScan_ExerciseDocScanTests.swift in Sources */,
			);
			runOnlyForDeploymentPostprocessing = 0;
		};
		563459712C45CD9300D179B1 /* Sources */ = {
			isa = PBXSourcesBuildPhase;
			buildActionMask = 2147483647;
			files = (
				5634597C2C45CD9300D179B1 /* ExerciseDocScan_ExerciseDocScan_ExerciseDocScan_ExerciseDocScanUITestsLaunchTests.swift in Sources */,
				5634597A2C45CD9300D179B1 /* ExerciseDocScan_ExerciseDocScan_ExerciseDocScan_ExerciseDocScanUITests.swift in Sources */,
			);
			runOnlyForDeploymentPostprocessing = 0;
		};
/* End PBXSourcesBuildPhase section */

/* Begin PBXTargetDependency section */
		5634596D2C45CD9300D179B1 /* PBXTargetDependency */ = {
			isa = PBXTargetDependency;
			target = 5634595A2C45CD8F00D179B1 /* ExerciseDocScan ExerciseDocScan ExerciseDocScan ExerciseDocScan */;
			targetProxy = 5634596C2C45CD9300D179B1 /* PBXContainerItemProxy */;
		};
		563459772C45CD9300D179B1 /* PBXTargetDependency */ = {
			isa = PBXTargetDependency;
			target = 5634595A2C45CD8F00D179B1 /* ExerciseDocScan ExerciseDocScan ExerciseDocScan ExerciseDocScan */;
			targetProxy = 563459762C45CD9300D179B1 /* PBXContainerItemProxy */;
		};
/* End PBXTargetDependency section */

/* Begin XCBuildConfiguration section */
		5634597D2C45CD9300D179B1 /* Debug */ = {
			isa = XCBuildConfiguration;
			buildSettings = {
				ALWAYS_SEARCH_USER_PATHS = NO;
				ASSETCATALOG_COMPILER_GENERATE_SWIFT_ASSET_SYMBOL_EXTENSIONS = YES;
				CLANG_ANALYZER_NONNULL = YES;
				CLANG_ANALYZER_NUMBER_OBJECT_CONVERSION = YES_AGGRESSIVE;
				CLANG_CXX_LANGUAGE_STANDARD = "gnu++20";
				CLANG_ENABLE_MODULES = YES;
				CLANG_ENABLE_OBJC_ARC = YES;
				CLANG_ENABLE_OBJC_WEAK = YES;
				CLANG_WARN_BLOCK_CAPTURE_AUTORELEASING = YES;
				CLANG_WARN_BOOL_CONVERSION = YES;
				CLANG_WARN_COMMA = YES;
				CLANG_WARN_CONSTANT_CONVERSION = YES;
				CLANG_WARN_DEPRECATED_OBJC_IMPLEMENTATIONS = YES;
				CLANG_WARN_DIRECT_OBJC_ISA_USAGE = YES_ERROR;
				CLANG_WARN_DOCUMENTATION_COMMENTS = YES;
				CLANG_WARN_EMPTY_BODY = YES;
				CLANG_WARN_ENUM_CONVERSION = YES;
				CLANG_WARN_INFINITE_RECURSION = YES;
				CLANG_WARN_INT_CONVERSION = YES;
				CLANG_WARN_NON_LITERAL_NULL_CONVERSION = YES;
				CLANG_WARN_OBJC_IMPLICIT_RETAIN_SELF = YES;
				CLANG_WARN_OBJC_LITERAL_CONVERSION = YES;
				CLANG_WARN_OBJC_ROOT_CLASS = YES_ERROR;
				CLANG_WARN_QUOTED_INCLUDE_IN_FRAMEWORK_HEADER = YES;
				CLANG_WARN_RANGE_LOOP_ANALYSIS = YES;
				CLANG_WARN_STRICT_PROTOTYPES = YES;
				CLANG_WARN_SUSPICIOUS_MOVE = YES;
				CLANG_WARN_UNGUARDED_AVAILABILITY = YES_AGGRESSIVE;
				CLANG_WARN_UNREACHABLE_CODE = YES;
				CLANG_WARN__DUPLICATE_METHOD_MATCH = YES;
				COPY_PHASE_STRIP = NO;
				DEBUG_INFORMATION_FORMAT = dwarf;
				ENABLE_STRICT_OBJC_MSGSEND = YES;
				ENABLE_TESTABILITY = YES;
				ENABLE_USER_SCRIPT_SANDBOXING = YES;
				GCC_C_LANGUAGE_STANDARD = gnu17;
				GCC_DYNAMIC_NO_PIC = NO;
				GCC_NO_COMMON_BLOCKS = YES;
				GCC_OPTIMIZATION_LEVEL = 0;
				GCC_PREPROCESSOR_DEFINITIONS = (
					"DEBUG=1",
					"$(inherited)",
				);
				GCC_WARN_64_TO_32_BIT_CONVERSION = YES;
				GCC_WARN_ABOUT_RETURN_TYPE = YES_ERROR;
				GCC_WARN_UNDECLARED_SELECTOR = YES;
				GCC_WARN_UNINITIALIZED_AUTOS = YES_AGGRESSIVE;
				GCC_WARN_UNUSED_FUNCTION = YES;
				GCC_WARN_UNUSED_VARIABLE = YES;
				IPHONEOS_DEPLOYMENT_TARGET = 17.2;
				LOCALIZATION_PREFERS_STRING_CATALOGS = YES;
				MTL_ENABLE_DEBUG_INFO = INCLUDE_SOURCE;
				MTL_FAST_MATH = YES;
				ONLY_ACTIVE_ARCH = YES;
				SDKROOT = iphoneos;
				SWIFT_ACTIVE_COMPILATION_CONDITIONS = "DEBUG $(inherited)";
				SWIFT_OPTIMIZATION_LEVEL = "-Onone";
			};
			name = Debug;
		};
		5634597E2C45CD9300D179B1 /* Release */ = {
			isa = XCBuildConfiguration;
			buildSettings = {
				ALWAYS_SEARCH_USER_PATHS = NO;
				ASSETCATALOG_COMPILER_GENERATE_SWIFT_ASSET_SYMBOL_EXTENSIONS = YES;
				CLANG_ANALYZER_NONNULL = YES;
				CLANG_ANALYZER_NUMBER_OBJECT_CONVERSION = YES_AGGRESSIVE;
				CLANG_CXX_LANGUAGE_STANDARD = "gnu++20";
				CLANG_ENABLE_MODULES = YES;
				CLANG_ENABLE_OBJC_ARC = YES;
				CLANG_ENABLE_OBJC_WEAK = YES;
				CLANG_WARN_BLOCK_CAPTURE_AUTORELEASING = YES;
				CLANG_WARN_BOOL_CONVERSION = YES;
				CLANG_WARN_COMMA = YES;
				CLANG_WARN_CONSTANT_CONVERSION = YES;
				CLANG_WARN_DEPRECATED_OBJC_IMPLEMENTATIONS = YES;
				CLANG_WARN_DIRECT_OBJC_ISA_USAGE = YES_ERROR;
				CLANG_WARN_DOCUMENTATION_COMMENTS = YES;
				CLANG_WARN_EMPTY_BODY = YES;
				CLANG_WARN_ENUM_CONVERSION = YES;
				CLANG_WARN_INFINITE_RECURSION = YES;
				CLANG_WARN_INT_CONVERSION = YES;
				CLANG_WARN_NON_LITERAL_NULL_CONVERSION = YES;
				CLANG_WARN_OBJC_IMPLICIT_RETAIN_SELF = YES;
				CLANG_WARN_OBJC_LITERAL_CONVERSION = YES;
				CLANG_WARN_OBJC_ROOT_CLASS = YES_ERROR;
				CLANG_WARN_QUOTED_INCLUDE_IN_FRAMEWORK_HEADER = YES;
				CLANG_WARN_RANGE_LOOP_ANALYSIS = YES;
				CLANG_WARN_STRICT_PROTOTYPES = YES;
				CLANG_WARN_SUSPICIOUS_MOVE = YES;
				CLANG_WARN_UNGUARDED_AVAILABILITY = YES_AGGRESSIVE;
				CLANG_WARN_UNREACHABLE_CODE = YES;
				CLANG_WARN__DUPLICATE_METHOD_MATCH = YES;
				COPY_PHASE_STRIP = NO;
				DEBUG_INFORMATION_FORMAT = "dwarf-with-dsym";
				ENABLE_NS_ASSERTIONS = NO;
				ENABLE_STRICT_OBJC_MSGSEND = YES;
				ENABLE_USER_SCRIPT_SANDBOXING = YES;
				GCC_C_LANGUAGE_STANDARD = gnu17;
				GCC_NO_COMMON_BLOCKS = YES;
				GCC_WARN_64_TO_32_BIT_CONVERSION = YES;
				GCC_WARN_ABOUT_RETURN_TYPE = YES_ERROR;
				GCC_WARN_UNDECLARED_SELECTOR = YES;
				GCC_WARN_UNINITIALIZED_AUTOS = YES_AGGRESSIVE;
				GCC_WARN_UNUSED_FUNCTION = YES;
				GCC_WARN_UNUSED_VARIABLE = YES;
				IPHONEOS_DEPLOYMENT_TARGET = 17.2;
				LOCALIZATION_PREFERS_STRING_CATALOGS = YES;
				MTL_ENABLE_DEBUG_INFO = NO;
				MTL_FAST_MATH = YES;
				SDKROOT = iphoneos;
				SWIFT_COMPILATION_MODE = wholemodule;
				VALIDATE_PRODUCT = YES;
			};
			name = Release;
		};
		563459802C45CD9300D179B1 /* Debug */ = {
			isa = XCBuildConfiguration;
			buildSettings = {
				ASSETCATALOG_COMPILER_APPICON_NAME = AppIcon;
				ASSETCATALOG_COMPILER_GLOBAL_ACCENT_COLOR_NAME = AccentColor;
				CLANG_ENABLE_MODULES = YES;
				CODE_SIGN_STYLE = Automatic;
				CURRENT_PROJECT_VERSION = 1;
				DEVELOPMENT_ASSET_PATHS = "\"ExerciseDocScan ExerciseDocScan ExerciseDocScan ExerciseDocScan/Preview Content\"";
				DEVELOPMENT_TEAM = PHL7DREDLZ;
				ENABLE_PREVIEWS = YES;
				GENERATE_INFOPLIST_FILE = YES;
				INFOPLIST_KEY_UIApplicationSceneManifest_Generation = YES;
				INFOPLIST_KEY_UIApplicationSupportsIndirectInputEvents = YES;
				INFOPLIST_KEY_UILaunchScreen_Generation = YES;
				INFOPLIST_KEY_UISupportedInterfaceOrientations_iPad = "UIInterfaceOrientationPortrait UIInterfaceOrientationPortraitUpsideDown UIInterfaceOrientationLandscapeLeft UIInterfaceOrientationLandscapeRight";
				INFOPLIST_KEY_UISupportedInterfaceOrientations_iPhone = "UIInterfaceOrientationPortrait UIInterfaceOrientationLandscapeLeft UIInterfaceOrientationLandscapeRight";
				LD_RUNPATH_SEARCH_PATHS = (
					"$(inherited)",
					"@executable_path/Frameworks",
				);
				MARKETING_VERSION = 1.0;
				OTHER_CFLAGS = "-c";
				OTHER_LDFLAGS = "-lstdc++";
				PRODUCT_BUNDLE_IDENTIFIER = "com.uzupis.ExerciseDocScan.ExerciseDocScan-ExerciseDocScan-ExerciseDocScan-ExerciseDocScan";
				PRODUCT_NAME = "$(TARGET_NAME)";
				SWIFT_EMIT_LOC_STRINGS = YES;
				SWIFT_OBJC_BRIDGING_HEADER = "ExerciseDocScan ExerciseDocScan ExerciseDocScan ExerciseDocScan/ExerciseDocScan ExerciseDocScan ExerciseDocScan ExerciseDocScan-Bridging-Header.h";
				SWIFT_OPTIMIZATION_LEVEL = "-Onone";
				SWIFT_VERSION = 5.0;
				TARGETED_DEVICE_FAMILY = "1,2";
			};
			name = Debug;
		};
		563459812C45CD9300D179B1 /* Release */ = {
			isa = XCBuildConfiguration;
			buildSettings = {
				ASSETCATALOG_COMPILER_APPICON_NAME = AppIcon;
				ASSETCATALOG_COMPILER_GLOBAL_ACCENT_COLOR_NAME = AccentColor;
				CLANG_ENABLE_MODULES = YES;
				CODE_SIGN_STYLE = Automatic;
				CURRENT_PROJECT_VERSION = 1;
				DEVELOPMENT_ASSET_PATHS = "\"ExerciseDocScan ExerciseDocScan ExerciseDocScan ExerciseDocScan/Preview Content\"";
				DEVELOPMENT_TEAM = PHL7DREDLZ;
				ENABLE_PREVIEWS = YES;
				GENERATE_INFOPLIST_FILE = YES;
				INFOPLIST_KEY_UIApplicationSceneManifest_Generation = YES;
				INFOPLIST_KEY_UIApplicationSupportsIndirectInputEvents = YES;
				INFOPLIST_KEY_UILaunchScreen_Generation = YES;
				INFOPLIST_KEY_UISupportedInterfaceOrientations_iPad = "UIInterfaceOrientationPortrait UIInterfaceOrientationPortraitUpsideDown UIInterfaceOrientationLandscapeLeft UIInterfaceOrientationLandscapeRight";
				INFOPLIST_KEY_UISupportedInterfaceOrientations_iPhone = "UIInterfaceOrientationPortrait UIInterfaceOrientationLandscapeLeft UIInterfaceOrientationLandscapeRight";
				LD_RUNPATH_SEARCH_PATHS = (
					"$(inherited)",
					"@executable_path/Frameworks",
				);
				MARKETING_VERSION = 1.0;
				OTHER_CFLAGS = "-c";
				OTHER_LDFLAGS = "-lstdc++";
				PRODUCT_BUNDLE_IDENTIFIER = "com.uzupis.ExerciseDocScan.ExerciseDocScan-ExerciseDocScan-ExerciseDocScan-ExerciseDocScan";
				PRODUCT_NAME = "$(TARGET_NAME)";
				SWIFT_EMIT_LOC_STRINGS = YES;
				SWIFT_OBJC_BRIDGING_HEADER = "ExerciseDocScan ExerciseDocScan ExerciseDocScan ExerciseDocScan/ExerciseDocScan ExerciseDocScan ExerciseDocScan ExerciseDocScan-Bridging-Header.h";
				SWIFT_VERSION = 5.0;
				TARGETED_DEVICE_FAMILY = "1,2";
			};
			name = Release;
		};
		563459832C45CD9300D179B1 /* Debug */ = {
			isa = XCBuildConfiguration;
			buildSettings = {
				ALWAYS_EMBED_SWIFT_STANDARD_LIBRARIES = YES;
				BUNDLE_LOADER = "$(TEST_HOST)";
				CODE_SIGN_STYLE = Automatic;
				CURRENT_PROJECT_VERSION = 1;
				DEVELOPMENT_TEAM = F6KDBC2B2W;
				GENERATE_INFOPLIST_FILE = YES;
				IPHONEOS_DEPLOYMENT_TARGET = 17.2;
				MARKETING_VERSION = 1.0;
				PRODUCT_BUNDLE_IDENTIFIER = "com.uzupis.ExerciseDocScan.ExerciseDocScan-ExerciseDocScan-ExerciseDocScan-ExerciseDocScanTests";
				PRODUCT_NAME = "$(TARGET_NAME)";
				SWIFT_EMIT_LOC_STRINGS = NO;
				SWIFT_VERSION = 5.0;
				TARGETED_DEVICE_FAMILY = "1,2";
				TEST_HOST = "$(BUILT_PRODUCTS_DIR)/ExerciseDocScan ExerciseDocScan ExerciseDocScan ExerciseDocScan.app/$(BUNDLE_EXECUTABLE_FOLDER_PATH)/ExerciseDocScan ExerciseDocScan ExerciseDocScan ExerciseDocScan";
			};
			name = Debug;
		};
		563459842C45CD9300D179B1 /* Release */ = {
			isa = XCBuildConfiguration;
			buildSettings = {
				ALWAYS_EMBED_SWIFT_STANDARD_LIBRARIES = YES;
				BUNDLE_LOADER = "$(TEST_HOST)";
				CODE_SIGN_STYLE = Automatic;
				CURRENT_PROJECT_VERSION = 1;
				DEVELOPMENT_TEAM = F6KDBC2B2W;
				GENERATE_INFOPLIST_FILE = YES;
				IPHONEOS_DEPLOYMENT_TARGET = 17.2;
				MARKETING_VERSION = 1.0;
				PRODUCT_BUNDLE_IDENTIFIER = "com.uzupis.ExerciseDocScan.ExerciseDocScan-ExerciseDocScan-ExerciseDocScan-ExerciseDocScanTests";
				PRODUCT_NAME = "$(TARGET_NAME)";
				SWIFT_EMIT_LOC_STRINGS = NO;
				SWIFT_VERSION = 5.0;
				TARGETED_DEVICE_FAMILY = "1,2";
				TEST_HOST = "$(BUILT_PRODUCTS_DIR)/ExerciseDocScan ExerciseDocScan ExerciseDocScan ExerciseDocScan.app/$(BUNDLE_EXECUTABLE_FOLDER_PATH)/ExerciseDocScan ExerciseDocScan ExerciseDocScan ExerciseDocScan";
			};
			name = Release;
		};
		563459862C45CD9300D179B1 /* Debug */ = {
			isa = XCBuildConfiguration;
			buildSettings = {
				ALWAYS_EMBED_SWIFT_STANDARD_LIBRARIES = YES;
				CODE_SIGN_STYLE = Automatic;
				CURRENT_PROJECT_VERSION = 1;
				DEVELOPMENT_TEAM = F6KDBC2B2W;
				GENERATE_INFOPLIST_FILE = YES;
				MARKETING_VERSION = 1.0;
				PRODUCT_BUNDLE_IDENTIFIER = "com.uzupis.ExerciseDocScan.ExerciseDocScan-ExerciseDocScan-ExerciseDocScan-ExerciseDocScanUITests";
				PRODUCT_NAME = "$(TARGET_NAME)";
				SWIFT_EMIT_LOC_STRINGS = NO;
				SWIFT_VERSION = 5.0;
				TARGETED_DEVICE_FAMILY = "1,2";
				TEST_TARGET_NAME = "ExerciseDocScan ExerciseDocScan ExerciseDocScan ExerciseDocScan";
			};
			name = Debug;
		};
		563459872C45CD9300D179B1 /* Release */ = {
			isa = XCBuildConfiguration;
			buildSettings = {
				ALWAYS_EMBED_SWIFT_STANDARD_LIBRARIES = YES;
				CODE_SIGN_STYLE = Automatic;
				CURRENT_PROJECT_VERSION = 1;
				DEVELOPMENT_TEAM = F6KDBC2B2W;
				GENERATE_INFOPLIST_FILE = YES;
				MARKETING_VERSION = 1.0;
				PRODUCT_BUNDLE_IDENTIFIER = "com.uzupis.ExerciseDocScan.ExerciseDocScan-ExerciseDocScan-ExerciseDocScan-ExerciseDocScanUITests";
				PRODUCT_NAME = "$(TARGET_NAME)";
				SWIFT_EMIT_LOC_STRINGS = NO;
				SWIFT_VERSION = 5.0;
				TARGETED_DEVICE_FAMILY = "1,2";
				TEST_TARGET_NAME = "ExerciseDocScan ExerciseDocScan ExerciseDocScan ExerciseDocScan";
			};
			name = Release;
		};
/* End XCBuildConfiguration section */

/* Begin XCConfigurationList section */
		563459562C45CD8F00D179B1 /* Build configuration list for PBXProject "ExerciseDocScan ExerciseDocScan ExerciseDocScan ExerciseDocScan" */ = {
			isa = XCConfigurationList;
			buildConfigurations = (
				5634597D2C45CD9300D179B1 /* Debug */,
				5634597E2C45CD9300D179B1 /* Release */,
			);
			defaultConfigurationIsVisible = 0;
			defaultConfigurationName = Release;
		};
		5634597F2C45CD9300D179B1 /* Build configuration list for PBXNativeTarget "ExerciseDocScan ExerciseDocScan ExerciseDocScan ExerciseDocScan" */ = {
			isa = XCConfigurationList;
			buildConfigurations = (
				563459802C45CD9300D179B1 /* Debug */,
				563459812C45CD9300D179B1 /* Release */,
			);
			defaultConfigurationIsVisible = 0;
			defaultConfigurationName = Release;
		};
		563459822C45CD9300D179B1 /* Build configuration list for PBXNativeTarget "ExerciseDocScan ExerciseDocScan ExerciseDocScan ExerciseDocScanTests" */ = {
			isa = XCConfigurationList;
			buildConfigurations = (
				563459832C45CD9300D179B1 /* Debug */,
				563459842C45CD9300D179B1 /* Release */,
			);
			defaultConfigurationIsVisible = 0;
			defaultConfigurationName = Release;
		};
		563459852C45CD9300D179B1 /* Build configuration list for PBXNativeTarget "ExerciseDocScan ExerciseDocScan ExerciseDocScan ExerciseDocScanUITests" */ = {
			isa = XCConfigurationList;
			buildConfigurations = (
				563459862C45CD9300D179B1 /* Debug */,
				563459872C45CD9300D179B1 /* Release */,
			);
			defaultConfigurationIsVisible = 0;
			defaultConfigurationName = Release;
		};
/* End XCConfigurationList section */
	};
	rootObject = 563459532C45CD8F00D179B1 /* Project object */;
}
