// !$*UTF8*$!
{
	archiveVersion = 1;
	classes = {
	};
	objectVersion = 56;
	objects = {

/* Begin PBXBuildFile section */
		566FB6172C45D495008BA172 /* AppDocScanApp.swift in Sources */ = {isa = PBXBuildFile; fileRef = 566FB6162C45D495008BA172 /* AppDocScanApp.swift */; };
		566FB6192C45D495008BA172 /* ContentView.swift in Sources */ = {isa = PBXBuildFile; fileRef = 566FB6182C45D495008BA172 /* ContentView.swift */; };
		566FB61B2C45D497008BA172 /* Assets.xcassets in Resources */ = {isa = PBXBuildFile; fileRef = 566FB61A2C45D497008BA172 /* Assets.xcassets */; };
		566FB61E2C45D497008BA172 /* Preview Assets.xcassets in Resources */ = {isa = PBXBuildFile; fileRef = 566FB61D2C45D497008BA172 /* Preview Assets.xcassets */; };
		566FB6282C45D498008BA172 /* AppDocScanTests.swift in Sources */ = {isa = PBXBuildFile; fileRef = 566FB6272C45D498008BA172 /* AppDocScanTests.swift */; };
		566FB6322C45D498008BA172 /* AppDocScanUITests.swift in Sources */ = {isa = PBXBuildFile; fileRef = 566FB6312C45D498008BA172 /* AppDocScanUITests.swift */; };
		566FB6342C45D498008BA172 /* AppDocScanUITestsLaunchTests.swift in Sources */ = {isa = PBXBuildFile; fileRef = 566FB6332C45D498008BA172 /* AppDocScanUITestsLaunchTests.swift */; };
		566FB6432C45D51E008BA172 /* InC.cpp in Sources */ = {isa = PBXBuildFile; fileRef = 566FB6412C45D51E008BA172 /* InC.cpp */; };
		566FB6462C45D8DA008BA172 /* OpenCV in Frameworks */ = {isa = PBXBuildFile; productRef = 566FB6452C45D8DA008BA172 /* OpenCV */; };
		566FB64C2C45E580008BA172 /* DocScan.cpp in Sources */ = {isa = PBXBuildFile; fileRef = 566FB64A2C45E580008BA172 /* DocScan.cpp */; };
		566FB6502C45EC78008BA172 /* DocScanWrapper.m in Sources */ = {isa = PBXBuildFile; fileRef = 566FB64F2C45EC78008BA172 /* DocScanWrapper.m */; };
		566FB6522C45F354008BA172 /* CameraViewController.swift in Sources */ = {isa = PBXBuildFile; fileRef = 566FB6512C45F354008BA172 /* CameraViewController.swift */; };
		566FB6542C45F418008BA172 /* CameraView.swift in Sources */ = {isa = PBXBuildFile; fileRef = 566FB6532C45F418008BA172 /* CameraView.swift */; };
		56A590482C49A09900E10997 /* FrameworkDocScan.framework in Frameworks */ = {isa = PBXBuildFile; fileRef = 56A590462C49A08F00E10997 /* FrameworkDocScan.framework */; };
		56A590492C49A09900E10997 /* FrameworkDocScan.framework in Embed Frameworks */ = {isa = PBXBuildFile; fileRef = 56A590462C49A08F00E10997 /* FrameworkDocScan.framework */; settings = {ATTRIBUTES = (CodeSignOnCopy, RemoveHeadersOnCopy, ); }; };
		56E5850A2C46EA5400E4181F /* DocScanIntent.swift in Sources */ = {isa = PBXBuildFile; fileRef = 56E585092C46EA5400E4181F /* DocScanIntent.swift */; };
		56E585172C47596800E4181F /* Point.cpp in Sources */ = {isa = PBXBuildFile; fileRef = 56E585152C47596800E4181F /* Point.cpp */; };
/* End PBXBuildFile section */

/* Begin PBXContainerItemProxy section */
		566FB6242C45D498008BA172 /* PBXContainerItemProxy */ = {
			isa = PBXContainerItemProxy;
			containerPortal = 566FB60B2C45D495008BA172 /* Project object */;
			proxyType = 1;
			remoteGlobalIDString = 566FB6122C45D495008BA172;
			remoteInfo = AppDocScan;
		};
		566FB62E2C45D498008BA172 /* PBXContainerItemProxy */ = {
			isa = PBXContainerItemProxy;
			containerPortal = 566FB60B2C45D495008BA172 /* Project object */;
			proxyType = 1;
			remoteGlobalIDString = 566FB6122C45D495008BA172;
			remoteInfo = AppDocScan;
		};
/* End PBXContainerItemProxy section */

/* Begin PBXCopyFilesBuildPhase section */
		569754A82C48304A00847F39 /* Embed Frameworks */ = {
			isa = PBXCopyFilesBuildPhase;
			buildActionMask = 2147483647;
			dstPath = "";
			dstSubfolderSpec = 10;
			files = (
				56A590492C49A09900E10997 /* FrameworkDocScan.framework in Embed Frameworks */,
			);
			name = "Embed Frameworks";
			runOnlyForDeploymentPostprocessing = 0;
		};
/* End PBXCopyFilesBuildPhase section */

/* Begin PBXFileReference section */
		566FB6132C45D495008BA172 /* AppDocScan.app */ = {isa = PBXFileReference; explicitFileType = wrapper.application; includeInIndex = 0; path = AppDocScan.app; sourceTree = BUILT_PRODUCTS_DIR; };
		566FB6162C45D495008BA172 /* AppDocScanApp.swift */ = {isa = PBXFileReference; lastKnownFileType = sourcecode.swift; path = AppDocScanApp.swift; sourceTree = "<group>"; };
		566FB6182C45D495008BA172 /* ContentView.swift */ = {isa = PBXFileReference; lastKnownFileType = sourcecode.swift; path = ContentView.swift; sourceTree = "<group>"; };
		566FB61A2C45D497008BA172 /* Assets.xcassets */ = {isa = PBXFileReference; lastKnownFileType = folder.assetcatalog; path = Assets.xcassets; sourceTree = "<group>"; };
		566FB61D2C45D497008BA172 /* Preview Assets.xcassets */ = {isa = PBXFileReference; lastKnownFileType = folder.assetcatalog; path = "Preview Assets.xcassets"; sourceTree = "<group>"; };
		566FB6232C45D498008BA172 /* AppDocScanTests.xctest */ = {isa = PBXFileReference; explicitFileType = wrapper.cfbundle; includeInIndex = 0; path = AppDocScanTests.xctest; sourceTree = BUILT_PRODUCTS_DIR; };
		566FB6272C45D498008BA172 /* AppDocScanTests.swift */ = {isa = PBXFileReference; lastKnownFileType = sourcecode.swift; path = AppDocScanTests.swift; sourceTree = "<group>"; };
		566FB62D2C45D498008BA172 /* AppDocScanUITests.xctest */ = {isa = PBXFileReference; explicitFileType = wrapper.cfbundle; includeInIndex = 0; path = AppDocScanUITests.xctest; sourceTree = BUILT_PRODUCTS_DIR; };
		566FB6312C45D498008BA172 /* AppDocScanUITests.swift */ = {isa = PBXFileReference; lastKnownFileType = sourcecode.swift; path = AppDocScanUITests.swift; sourceTree = "<group>"; };
		566FB6332C45D498008BA172 /* AppDocScanUITestsLaunchTests.swift */ = {isa = PBXFileReference; lastKnownFileType = sourcecode.swift; path = AppDocScanUITestsLaunchTests.swift; sourceTree = "<group>"; };
		566FB6402C45D51D008BA172 /* AppDocScan-Bridging-Header.h */ = {isa = PBXFileReference; lastKnownFileType = sourcecode.c.h; path = "AppDocScan-Bridging-Header.h"; sourceTree = "<group>"; };
		566FB6412C45D51E008BA172 /* InC.cpp */ = {isa = PBXFileReference; lastKnownFileType = sourcecode.cpp.cpp; path = InC.cpp; sourceTree = "<group>"; };
		566FB6422C45D51E008BA172 /* InC.h */ = {isa = PBXFileReference; lastKnownFileType = sourcecode.c.h; path = InC.h; sourceTree = "<group>"; };
		566FB64A2C45E580008BA172 /* DocScan.cpp */ = {isa = PBXFileReference; lastKnownFileType = sourcecode.cpp.cpp; path = DocScan.cpp; sourceTree = "<group>"; };
		566FB64B2C45E580008BA172 /* DocScan.hpp */ = {isa = PBXFileReference; explicitFileType = sourcecode.cpp.h; path = DocScan.hpp; sourceTree = "<group>"; };
		566FB64E2C45EADE008BA172 /* DocScanWrapper.h */ = {isa = PBXFileReference; lastKnownFileType = sourcecode.c.h; path = DocScanWrapper.h; sourceTree = "<group>"; };
		566FB64F2C45EC78008BA172 /* DocScanWrapper.m */ = {isa = PBXFileReference; lastKnownFileType = sourcecode.c.objc; path = DocScanWrapper.m; sourceTree = "<group>"; };
		566FB6512C45F354008BA172 /* CameraViewController.swift */ = {isa = PBXFileReference; lastKnownFileType = sourcecode.swift; path = CameraViewController.swift; sourceTree = "<group>"; };
		566FB6532C45F418008BA172 /* CameraView.swift */ = {isa = PBXFileReference; lastKnownFileType = sourcecode.swift; path = CameraView.swift; sourceTree = "<group>"; };
		56A590462C49A08F00E10997 /* FrameworkDocScan.framework */ = {isa = PBXFileReference; lastKnownFileType = wrapper.framework; path = FrameworkDocScan.framework; sourceTree = "<group>"; };
		56E585092C46EA5400E4181F /* DocScanIntent.swift */ = {isa = PBXFileReference; lastKnownFileType = sourcecode.swift; path = DocScanIntent.swift; sourceTree = "<group>"; };
		56E585152C47596800E4181F /* Point.cpp */ = {isa = PBXFileReference; lastKnownFileType = sourcecode.cpp.cpp; path = Point.cpp; sourceTree = "<group>"; };
		56E585162C47596800E4181F /* Point.h */ = {isa = PBXFileReference; lastKnownFileType = sourcecode.c.h; path = Point.h; sourceTree = "<group>"; };
/* End PBXFileReference section */

/* Begin PBXFrameworksBuildPhase section */
		566FB6102C45D495008BA172 /* Frameworks */ = {
			isa = PBXFrameworksBuildPhase;
			buildActionMask = 2147483647;
			files = (
				566FB6462C45D8DA008BA172 /* OpenCV in Frameworks */,
				56A590482C49A09900E10997 /* FrameworkDocScan.framework in Frameworks */,
			);
			runOnlyForDeploymentPostprocessing = 0;
		};
		566FB6202C45D498008BA172 /* Frameworks */ = {
			isa = PBXFrameworksBuildPhase;
			buildActionMask = 2147483647;
			files = (
			);
			runOnlyForDeploymentPostprocessing = 0;
		};
		566FB62A2C45D498008BA172 /* Frameworks */ = {
			isa = PBXFrameworksBuildPhase;
			buildActionMask = 2147483647;
			files = (
			);
			runOnlyForDeploymentPostprocessing = 0;
		};
/* End PBXFrameworksBuildPhase section */

/* Begin PBXGroup section */
		566FB60A2C45D495008BA172 = {
			isa = PBXGroup;
			children = (
				566FB6152C45D495008BA172 /* AppDocScan */,
				566FB6262C45D498008BA172 /* AppDocScanTests */,
				566FB6302C45D498008BA172 /* AppDocScanUITests */,
				566FB6142C45D495008BA172 /* Products */,
			);
			sourceTree = "<group>";
		};
		566FB6142C45D495008BA172 /* Products */ = {
			isa = PBXGroup;
			children = (
				566FB6132C45D495008BA172 /* AppDocScan.app */,
				566FB6232C45D498008BA172 /* AppDocScanTests.xctest */,
				566FB62D2C45D498008BA172 /* AppDocScanUITests.xctest */,
			);
			name = Products;
			sourceTree = "<group>";
		};
		566FB6152C45D495008BA172 /* AppDocScan */ = {
			isa = PBXGroup;
			children = (
				56A590462C49A08F00E10997 /* FrameworkDocScan.framework */,
				566FB6552C45F8FC008BA172 /* View */,
				566FB6572C45F932008BA172 /* Intention */,
				566FB6182C45D495008BA172 /* ContentView.swift */,
				566FB6402C45D51D008BA172 /* AppDocScan-Bridging-Header.h */,
				566FB61A2C45D497008BA172 /* Assets.xcassets */,
				566FB61C2C45D497008BA172 /* Preview Content */,
				566FB6162C45D495008BA172 /* AppDocScanApp.swift */,
			);
			path = AppDocScan;
			sourceTree = "<group>";
		};
		566FB61C2C45D497008BA172 /* Preview Content */ = {
			isa = PBXGroup;
			children = (
				566FB61D2C45D497008BA172 /* Preview Assets.xcassets */,
			);
			path = "Preview Content";
			sourceTree = "<group>";
		};
		566FB6262C45D498008BA172 /* AppDocScanTests */ = {
			isa = PBXGroup;
			children = (
				566FB6272C45D498008BA172 /* AppDocScanTests.swift */,
			);
			path = AppDocScanTests;
			sourceTree = "<group>";
		};
		566FB6302C45D498008BA172 /* AppDocScanUITests */ = {
			isa = PBXGroup;
			children = (
				566FB6312C45D498008BA172 /* AppDocScanUITests.swift */,
				566FB6332C45D498008BA172 /* AppDocScanUITestsLaunchTests.swift */,
			);
			path = AppDocScanUITests;
			sourceTree = "<group>";
		};
		566FB6552C45F8FC008BA172 /* View */ = {
			isa = PBXGroup;
			children = (
				566FB6512C45F354008BA172 /* CameraViewController.swift */,
				566FB6532C45F418008BA172 /* CameraView.swift */,
			);
			path = View;
			sourceTree = "<group>";
		};
		566FB6562C45F914008BA172 /* C++ */ = {
			isa = PBXGroup;
			children = (
				566FB64A2C45E580008BA172 /* DocScan.cpp */,
				566FB64B2C45E580008BA172 /* DocScan.hpp */,
				566FB6412C45D51E008BA172 /* InC.cpp */,
				566FB6422C45D51E008BA172 /* InC.h */,
				56E585152C47596800E4181F /* Point.cpp */,
				56E585162C47596800E4181F /* Point.h */,
			);
			path = "C++";
			sourceTree = "<group>";
		};
		566FB6572C45F932008BA172 /* Intention */ = {
			isa = PBXGroup;
			children = (
				566FB6562C45F914008BA172 /* C++ */,
				566FB64E2C45EADE008BA172 /* DocScanWrapper.h */,
				566FB64F2C45EC78008BA172 /* DocScanWrapper.m */,
				56E585092C46EA5400E4181F /* DocScanIntent.swift */,
			);
			path = Intention;
			sourceTree = "<group>";
		};
/* End PBXGroup section */

/* Begin PBXNativeTarget section */
		566FB6122C45D495008BA172 /* AppDocScan */ = {
			isa = PBXNativeTarget;
			buildConfigurationList = 566FB6372C45D498008BA172 /* Build configuration list for PBXNativeTarget "AppDocScan" */;
			buildPhases = (
				566FB60F2C45D495008BA172 /* Sources */,
				566FB6102C45D495008BA172 /* Frameworks */,
				566FB6112C45D495008BA172 /* Resources */,
				569754A82C48304A00847F39 /* Embed Frameworks */,
			);
			buildRules = (
			);
			dependencies = (
			);
			name = AppDocScan;
			packageProductDependencies = (
				566FB6452C45D8DA008BA172 /* OpenCV */,
			);
			productName = AppDocScan;
			productReference = 566FB6132C45D495008BA172 /* AppDocScan.app */;
			productType = "com.apple.product-type.application";
		};
		566FB6222C45D498008BA172 /* AppDocScanTests */ = {
			isa = PBXNativeTarget;
			buildConfigurationList = 566FB63A2C45D498008BA172 /* Build configuration list for PBXNativeTarget "AppDocScanTests" */;
			buildPhases = (
				566FB61F2C45D498008BA172 /* Sources */,
				566FB6202C45D498008BA172 /* Frameworks */,
				566FB6212C45D498008BA172 /* Resources */,
			);
			buildRules = (
			);
			dependencies = (
				566FB6252C45D498008BA172 /* PBXTargetDependency */,
			);
			name = AppDocScanTests;
			productName = AppDocScanTests;
			productReference = 566FB6232C45D498008BA172 /* AppDocScanTests.xctest */;
			productType = "com.apple.product-type.bundle.unit-test";
		};
		566FB62C2C45D498008BA172 /* AppDocScanUITests */ = {
			isa = PBXNativeTarget;
			buildConfigurationList = 566FB63D2C45D498008BA172 /* Build configuration list for PBXNativeTarget "AppDocScanUITests" */;
			buildPhases = (
				566FB6292C45D498008BA172 /* Sources */,
				566FB62A2C45D498008BA172 /* Frameworks */,
				566FB62B2C45D498008BA172 /* Resources */,
			);
			buildRules = (
			);
			dependencies = (
				566FB62F2C45D498008BA172 /* PBXTargetDependency */,
			);
			name = AppDocScanUITests;
			productName = AppDocScanUITests;
			productReference = 566FB62D2C45D498008BA172 /* AppDocScanUITests.xctest */;
			productType = "com.apple.product-type.bundle.ui-testing";
		};
/* End PBXNativeTarget section */

/* Begin PBXProject section */
		566FB60B2C45D495008BA172 /* Project object */ = {
			isa = PBXProject;
			attributes = {
				BuildIndependentTargetsInParallel = 1;
				LastSwiftUpdateCheck = 1520;
				LastUpgradeCheck = 1520;
				TargetAttributes = {
					566FB6122C45D495008BA172 = {
						CreatedOnToolsVersion = 15.2;
						LastSwiftMigration = 1520;
					};
					566FB6222C45D498008BA172 = {
						CreatedOnToolsVersion = 15.2;
						TestTargetID = 566FB6122C45D495008BA172;
					};
					566FB62C2C45D498008BA172 = {
						CreatedOnToolsVersion = 15.2;
						TestTargetID = 566FB6122C45D495008BA172;
					};
				};
			};
			buildConfigurationList = 566FB60E2C45D495008BA172 /* Build configuration list for PBXProject "AppDocScan" */;
			compatibilityVersion = "Xcode 14.0";
			developmentRegion = en;
			hasScannedForEncodings = 0;
			knownRegions = (
				en,
				Base,
			);
			mainGroup = 566FB60A2C45D495008BA172;
			packageReferences = (
				566FB6442C45D8DA008BA172 /* XCRemoteSwiftPackageReference "opencv-spm" */,
			);
			productRefGroup = 566FB6142C45D495008BA172 /* Products */;
			projectDirPath = "";
			projectRoot = "";
			targets = (
				566FB6122C45D495008BA172 /* AppDocScan */,
				566FB6222C45D498008BA172 /* AppDocScanTests */,
				566FB62C2C45D498008BA172 /* AppDocScanUITests */,
			);
		};
/* End PBXProject section */

/* Begin PBXResourcesBuildPhase section */
		566FB6112C45D495008BA172 /* Resources */ = {
			isa = PBXResourcesBuildPhase;
			buildActionMask = 2147483647;
			files = (
				566FB61E2C45D497008BA172 /* Preview Assets.xcassets in Resources */,
				566FB61B2C45D497008BA172 /* Assets.xcassets in Resources */,
			);
			runOnlyForDeploymentPostprocessing = 0;
		};
		566FB6212C45D498008BA172 /* Resources */ = {
			isa = PBXResourcesBuildPhase;
			buildActionMask = 2147483647;
			files = (
			);
			runOnlyForDeploymentPostprocessing = 0;
		};
		566FB62B2C45D498008BA172 /* Resources */ = {
			isa = PBXResourcesBuildPhase;
			buildActionMask = 2147483647;
			files = (
			);
			runOnlyForDeploymentPostprocessing = 0;
		};
/* End PBXResourcesBuildPhase section */

/* Begin PBXSourcesBuildPhase section */
		566FB60F2C45D495008BA172 /* Sources */ = {
			isa = PBXSourcesBuildPhase;
			buildActionMask = 2147483647;
			files = (
				566FB6432C45D51E008BA172 /* InC.cpp in Sources */,
				566FB6542C45F418008BA172 /* CameraView.swift in Sources */,
				566FB6502C45EC78008BA172 /* DocScanWrapper.m in Sources */,
				56E585172C47596800E4181F /* Point.cpp in Sources */,
				56E5850A2C46EA5400E4181F /* DocScanIntent.swift in Sources */,
				566FB6192C45D495008BA172 /* ContentView.swift in Sources */,
				566FB6172C45D495008BA172 /* AppDocScanApp.swift in Sources */,
				566FB64C2C45E580008BA172 /* DocScan.cpp in Sources */,
				566FB6522C45F354008BA172 /* CameraViewController.swift in Sources */,
			);
			runOnlyForDeploymentPostprocessing = 0;
		};
		566FB61F2C45D498008BA172 /* Sources */ = {
			isa = PBXSourcesBuildPhase;
			buildActionMask = 2147483647;
			files = (
				566FB6282C45D498008BA172 /* AppDocScanTests.swift in Sources */,
			);
			runOnlyForDeploymentPostprocessing = 0;
		};
		566FB6292C45D498008BA172 /* Sources */ = {
			isa = PBXSourcesBuildPhase;
			buildActionMask = 2147483647;
			files = (
				566FB6342C45D498008BA172 /* AppDocScanUITestsLaunchTests.swift in Sources */,
				566FB6322C45D498008BA172 /* AppDocScanUITests.swift in Sources */,
			);
			runOnlyForDeploymentPostprocessing = 0;
		};
/* End PBXSourcesBuildPhase section */

/* Begin PBXTargetDependency section */
		566FB6252C45D498008BA172 /* PBXTargetDependency */ = {
			isa = PBXTargetDependency;
			target = 566FB6122C45D495008BA172 /* AppDocScan */;
			targetProxy = 566FB6242C45D498008BA172 /* PBXContainerItemProxy */;
		};
		566FB62F2C45D498008BA172 /* PBXTargetDependency */ = {
			isa = PBXTargetDependency;
			target = 566FB6122C45D495008BA172 /* AppDocScan */;
			targetProxy = 566FB62E2C45D498008BA172 /* PBXContainerItemProxy */;
		};
/* End PBXTargetDependency section */

/* Begin XCBuildConfiguration section */
		566FB6352C45D498008BA172 /* Debug */ = {
			isa = XCBuildConfiguration;
			buildSettings = {
				ALWAYS_SEARCH_USER_PATHS = NO;
				ASSETCATALOG_COMPILER_GENERATE_SWIFT_ASSET_SYMBOL_EXTENSIONS = YES;
				CLANG_ANALYZER_NONNULL = YES;
				CLANG_ANALYZER_NUMBER_OBJECT_CONVERSION = YES_AGGRESSIVE;
				CLANG_CXX_LANGUAGE_STANDARD = "gnu++20";
				CLANG_ENABLE_MODULES = YES;
				CLANG_ENABLE_OBJC_ARC = YES;
				CLANG_ENABLE_OBJC_WEAK = YES;
				CLANG_WARN_BLOCK_CAPTURE_AUTORELEASING = YES;
				CLANG_WARN_BOOL_CONVERSION = YES;
				CLANG_WARN_COMMA = YES;
				CLANG_WARN_CONSTANT_CONVERSION = YES;
				CLANG_WARN_DEPRECATED_OBJC_IMPLEMENTATIONS = YES;
				CLANG_WARN_DIRECT_OBJC_ISA_USAGE = YES_ERROR;
				CLANG_WARN_DOCUMENTATION_COMMENTS = YES;
				CLANG_WARN_EMPTY_BODY = YES;
				CLANG_WARN_ENUM_CONVERSION = YES;
				CLANG_WARN_INFINITE_RECURSION = YES;
				CLANG_WARN_INT_CONVERSION = YES;
				CLANG_WARN_NON_LITERAL_NULL_CONVERSION = YES;
				CLANG_WARN_OBJC_IMPLICIT_RETAIN_SELF = YES;
				CLANG_WARN_OBJC_LITERAL_CONVERSION = YES;
				CLANG_WARN_OBJC_ROOT_CLASS = YES_ERROR;
				CLANG_WARN_QUOTED_INCLUDE_IN_FRAMEWORK_HEADER = YES;
				CLANG_WARN_RANGE_LOOP_ANALYSIS = YES;
				CLANG_WARN_STRICT_PROTOTYPES = YES;
				CLANG_WARN_SUSPICIOUS_MOVE = YES;
				CLANG_WARN_UNGUARDED_AVAILABILITY = YES_AGGRESSIVE;
				CLANG_WARN_UNREACHABLE_CODE = YES;
				CLANG_WARN__DUPLICATE_METHOD_MATCH = YES;
				COPY_PHASE_STRIP = NO;
				DEBUG_INFORMATION_FORMAT = dwarf;
				ENABLE_STRICT_OBJC_MSGSEND = YES;
				ENABLE_TESTABILITY = YES;
				ENABLE_USER_SCRIPT_SANDBOXING = YES;
				GCC_C_LANGUAGE_STANDARD = gnu17;
				GCC_DYNAMIC_NO_PIC = NO;
				GCC_NO_COMMON_BLOCKS = YES;
				GCC_OPTIMIZATION_LEVEL = 0;
				GCC_PREPROCESSOR_DEFINITIONS = (
					"DEBUG=1",
					"$(inherited)",
				);
				GCC_WARN_64_TO_32_BIT_CONVERSION = YES;
				GCC_WARN_ABOUT_RETURN_TYPE = YES_ERROR;
				GCC_WARN_UNDECLARED_SELECTOR = YES;
				GCC_WARN_UNINITIALIZED_AUTOS = YES_AGGRESSIVE;
				GCC_WARN_UNUSED_FUNCTION = YES;
				GCC_WARN_UNUSED_VARIABLE = YES;
				IPHONEOS_DEPLOYMENT_TARGET = 17.2;
				LOCALIZATION_PREFERS_STRING_CATALOGS = YES;
				MTL_ENABLE_DEBUG_INFO = INCLUDE_SOURCE;
				MTL_FAST_MATH = YES;
				ONLY_ACTIVE_ARCH = YES;
				SDKROOT = iphoneos;
				SWIFT_ACTIVE_COMPILATION_CONDITIONS = "DEBUG $(inherited)";
				SWIFT_OPTIMIZATION_LEVEL = "-Onone";
			};
			name = Debug;
		};
		566FB6362C45D498008BA172 /* Release */ = {
			isa = XCBuildConfiguration;
			buildSettings = {
				ALWAYS_SEARCH_USER_PATHS = NO;
				ASSETCATALOG_COMPILER_GENERATE_SWIFT_ASSET_SYMBOL_EXTENSIONS = YES;
				CLANG_ANALYZER_NONNULL = YES;
				CLANG_ANALYZER_NUMBER_OBJECT_CONVERSION = YES_AGGRESSIVE;
				CLANG_CXX_LANGUAGE_STANDARD = "gnu++20";
				CLANG_ENABLE_MODULES = YES;
				CLANG_ENABLE_OBJC_ARC = YES;
				CLANG_ENABLE_OBJC_WEAK = YES;
				CLANG_WARN_BLOCK_CAPTURE_AUTORELEASING = YES;
				CLANG_WARN_BOOL_CONVERSION = YES;
				CLANG_WARN_COMMA = YES;
				CLANG_WARN_CONSTANT_CONVERSION = YES;
				CLANG_WARN_DEPRECATED_OBJC_IMPLEMENTATIONS = YES;
				CLANG_WARN_DIRECT_OBJC_ISA_USAGE = YES_ERROR;
				CLANG_WARN_DOCUMENTATION_COMMENTS = YES;
				CLANG_WARN_EMPTY_BODY = YES;
				CLANG_WARN_ENUM_CONVERSION = YES;
				CLANG_WARN_INFINITE_RECURSION = YES;
				CLANG_WARN_INT_CONVERSION = YES;
				CLANG_WARN_NON_LITERAL_NULL_CONVERSION = YES;
				CLANG_WARN_OBJC_IMPLICIT_RETAIN_SELF = YES;
				CLANG_WARN_OBJC_LITERAL_CONVERSION = YES;
				CLANG_WARN_OBJC_ROOT_CLASS = YES_ERROR;
				CLANG_WARN_QUOTED_INCLUDE_IN_FRAMEWORK_HEADER = YES;
				CLANG_WARN_RANGE_LOOP_ANALYSIS = YES;
				CLANG_WARN_STRICT_PROTOTYPES = YES;
				CLANG_WARN_SUSPICIOUS_MOVE = YES;
				CLANG_WARN_UNGUARDED_AVAILABILITY = YES_AGGRESSIVE;
				CLANG_WARN_UNREACHABLE_CODE = YES;
				CLANG_WARN__DUPLICATE_METHOD_MATCH = YES;
				COPY_PHASE_STRIP = NO;
				DEBUG_INFORMATION_FORMAT = "dwarf-with-dsym";
				ENABLE_NS_ASSERTIONS = NO;
				ENABLE_STRICT_OBJC_MSGSEND = YES;
				ENABLE_USER_SCRIPT_SANDBOXING = YES;
				GCC_C_LANGUAGE_STANDARD = gnu17;
				GCC_NO_COMMON_BLOCKS = YES;
				GCC_WARN_64_TO_32_BIT_CONVERSION = YES;
				GCC_WARN_ABOUT_RETURN_TYPE = YES_ERROR;
				GCC_WARN_UNDECLARED_SELECTOR = YES;
				GCC_WARN_UNINITIALIZED_AUTOS = YES_AGGRESSIVE;
				GCC_WARN_UNUSED_FUNCTION = YES;
				GCC_WARN_UNUSED_VARIABLE = YES;
				IPHONEOS_DEPLOYMENT_TARGET = 17.2;
				LOCALIZATION_PREFERS_STRING_CATALOGS = YES;
				MTL_ENABLE_DEBUG_INFO = NO;
				MTL_FAST_MATH = YES;
				SDKROOT = iphoneos;
				SWIFT_COMPILATION_MODE = wholemodule;
				VALIDATE_PRODUCT = YES;
			};
			name = Release;
		};
		566FB6382C45D498008BA172 /* Debug */ = {
			isa = XCBuildConfiguration;
			buildSettings = {
				ASSETCATALOG_COMPILER_APPICON_NAME = AppIcon;
				ASSETCATALOG_COMPILER_GLOBAL_ACCENT_COLOR_NAME = AccentColor;
				CLANG_CXX_LANGUAGE_STANDARD = "gnu++20";
				CLANG_ENABLE_MODULES = YES;
				CODE_SIGN_STYLE = Automatic;
				CURRENT_PROJECT_VERSION = 1;
				DEVELOPMENT_ASSET_PATHS = "\"AppDocScan/Preview Content\"";
				DEVELOPMENT_TEAM = PHL7DREDLZ;
				ENABLE_PREVIEWS = YES;
				FRAMEWORK_SEARCH_PATHS = (
					"$(inherited)",
					"$(PROJECT_DIR)",
					"$(PROJECT_DIR)/AppDocScan",
				);
				GENERATE_INFOPLIST_FILE = YES;
				INFOPLIST_KEY_LSApplicationCategoryType = "";
				INFOPLIST_KEY_NSCameraUsageDescription = Test;
				INFOPLIST_KEY_UIApplicationSceneManifest_Generation = YES;
				INFOPLIST_KEY_UIApplicationSupportsIndirectInputEvents = YES;
				INFOPLIST_KEY_UILaunchScreen_Generation = YES;
				INFOPLIST_KEY_UISupportedInterfaceOrientations_iPad = "UIInterfaceOrientationPortrait UIInterfaceOrientationPortraitUpsideDown UIInterfaceOrientationLandscapeLeft UIInterfaceOrientationLandscapeRight";
				INFOPLIST_KEY_UISupportedInterfaceOrientations_iPhone = "UIInterfaceOrientationPortrait UIInterfaceOrientationLandscapeLeft UIInterfaceOrientationLandscapeRight";
				LD_RUNPATH_SEARCH_PATHS = (
					"$(inherited)",
					"@executable_path/Frameworks",
				);
				MARKETING_VERSION = 1.0;
				OTHER_CFLAGS = "-c";
				PRODUCT_BUNDLE_IDENTIFIER = com.uzupis.AppDocScan.AppDocScan;
				PRODUCT_NAME = "$(TARGET_NAME)";
				SWIFT_EMIT_LOC_STRINGS = YES;
				SWIFT_OBJC_BRIDGING_HEADER = "AppDocScan/AppDocScan-Bridging-Header.h";
				SWIFT_OPTIMIZATION_LEVEL = "-Onone";
				SWIFT_VERSION = 5.0;
				TARGETED_DEVICE_FAMILY = "1,2";
			};
			name = Debug;
		};
		566FB6392C45D498008BA172 /* Release */ = {
			isa = XCBuildConfiguration;
			buildSettings = {
				ASSETCATALOG_COMPILER_APPICON_NAME = AppIcon;
				ASSETCATALOG_COMPILER_GLOBAL_ACCENT_COLOR_NAME = AccentColor;
				CLANG_CXX_LANGUAGE_STANDARD = "gnu++20";
				CLANG_ENABLE_MODULES = YES;
				CODE_SIGN_STYLE = Automatic;
				CURRENT_PROJECT_VERSION = 1;
				DEVELOPMENT_ASSET_PATHS = "\"AppDocScan/Preview Content\"";
				DEVELOPMENT_TEAM = PHL7DREDLZ;
				ENABLE_PREVIEWS = YES;
				FRAMEWORK_SEARCH_PATHS = (
					"$(inherited)",
					"$(PROJECT_DIR)",
					"$(PROJECT_DIR)/AppDocScan",
				);
				GENERATE_INFOPLIST_FILE = YES;
				INFOPLIST_KEY_LSApplicationCategoryType = "";
				INFOPLIST_KEY_NSCameraUsageDescription = Test;
				INFOPLIST_KEY_UIApplicationSceneManifest_Generation = YES;
				INFOPLIST_KEY_UIApplicationSupportsIndirectInputEvents = YES;
				INFOPLIST_KEY_UILaunchScreen_Generation = YES;
				INFOPLIST_KEY_UISupportedInterfaceOrientations_iPad = "UIInterfaceOrientationPortrait UIInterfaceOrientationPortraitUpsideDown UIInterfaceOrientationLandscapeLeft UIInterfaceOrientationLandscapeRight";
				INFOPLIST_KEY_UISupportedInterfaceOrientations_iPhone = "UIInterfaceOrientationPortrait UIInterfaceOrientationLandscapeLeft UIInterfaceOrientationLandscapeRight";
				LD_RUNPATH_SEARCH_PATHS = (
					"$(inherited)",
					"@executable_path/Frameworks",
				);
				MARKETING_VERSION = 1.0;
				OTHER_CFLAGS = "-c";
				PRODUCT_BUNDLE_IDENTIFIER = com.uzupis.AppDocScan.AppDocScan;
				PRODUCT_NAME = "$(TARGET_NAME)";
				SWIFT_EMIT_LOC_STRINGS = YES;
				SWIFT_OBJC_BRIDGING_HEADER = "AppDocScan/AppDocScan-Bridging-Header.h";
				SWIFT_VERSION = 5.0;
				TARGETED_DEVICE_FAMILY = "1,2";
			};
			name = Release;
		};
		566FB63B2C45D498008BA172 /* Debug */ = {
			isa = XCBuildConfiguration;
			buildSettings = {
				ALWAYS_EMBED_SWIFT_STANDARD_LIBRARIES = YES;
				BUNDLE_LOADER = "$(TEST_HOST)";
				CODE_SIGN_STYLE = Automatic;
				CURRENT_PROJECT_VERSION = 1;
				DEVELOPMENT_TEAM = F6KDBC2B2W;
				GENERATE_INFOPLIST_FILE = YES;
				IPHONEOS_DEPLOYMENT_TARGET = 17.2;
				MARKETING_VERSION = 1.0;
				PRODUCT_BUNDLE_IDENTIFIER = com.uzupis.AppDocScan.AppDocScanTests;
				PRODUCT_NAME = "$(TARGET_NAME)";
				SWIFT_EMIT_LOC_STRINGS = NO;
				SWIFT_VERSION = 5.0;
				TARGETED_DEVICE_FAMILY = "1,2";
				TEST_HOST = "$(BUILT_PRODUCTS_DIR)/AppDocScan.app/$(BUNDLE_EXECUTABLE_FOLDER_PATH)/AppDocScan";
			};
			name = Debug;
		};
		566FB63C2C45D498008BA172 /* Release */ = {
			isa = XCBuildConfiguration;
			buildSettings = {
				ALWAYS_EMBED_SWIFT_STANDARD_LIBRARIES = YES;
				BUNDLE_LOADER = "$(TEST_HOST)";
				CODE_SIGN_STYLE = Automatic;
				CURRENT_PROJECT_VERSION = 1;
				DEVELOPMENT_TEAM = F6KDBC2B2W;
				GENERATE_INFOPLIST_FILE = YES;
				IPHONEOS_DEPLOYMENT_TARGET = 17.2;
				MARKETING_VERSION = 1.0;
				PRODUCT_BUNDLE_IDENTIFIER = com.uzupis.AppDocScan.AppDocScanTests;
				PRODUCT_NAME = "$(TARGET_NAME)";
				SWIFT_EMIT_LOC_STRINGS = NO;
				SWIFT_VERSION = 5.0;
				TARGETED_DEVICE_FAMILY = "1,2";
				TEST_HOST = "$(BUILT_PRODUCTS_DIR)/AppDocScan.app/$(BUNDLE_EXECUTABLE_FOLDER_PATH)/AppDocScan";
			};
			name = Release;
		};
		566FB63E2C45D498008BA172 /* Debug */ = {
			isa = XCBuildConfiguration;
			buildSettings = {
				ALWAYS_EMBED_SWIFT_STANDARD_LIBRARIES = YES;
				CODE_SIGN_STYLE = Automatic;
				CURRENT_PROJECT_VERSION = 1;
				DEVELOPMENT_TEAM = F6KDBC2B2W;
				GENERATE_INFOPLIST_FILE = YES;
				MARKETING_VERSION = 1.0;
				PRODUCT_BUNDLE_IDENTIFIER = com.uzupis.AppDocScan.AppDocScanUITests;
				PRODUCT_NAME = "$(TARGET_NAME)";
				SWIFT_EMIT_LOC_STRINGS = NO;
				SWIFT_VERSION = 5.0;
				TARGETED_DEVICE_FAMILY = "1,2";
				TEST_TARGET_NAME = AppDocScan;
			};
			name = Debug;
		};
		566FB63F2C45D498008BA172 /* Release */ = {
			isa = XCBuildConfiguration;
			buildSettings = {
				ALWAYS_EMBED_SWIFT_STANDARD_LIBRARIES = YES;
				CODE_SIGN_STYLE = Automatic;
				CURRENT_PROJECT_VERSION = 1;
				DEVELOPMENT_TEAM = F6KDBC2B2W;
				GENERATE_INFOPLIST_FILE = YES;
				MARKETING_VERSION = 1.0;
				PRODUCT_BUNDLE_IDENTIFIER = com.uzupis.AppDocScan.AppDocScanUITests;
				PRODUCT_NAME = "$(TARGET_NAME)";
				SWIFT_EMIT_LOC_STRINGS = NO;
				SWIFT_VERSION = 5.0;
				TARGETED_DEVICE_FAMILY = "1,2";
				TEST_TARGET_NAME = AppDocScan;
			};
			name = Release;
		};
/* End XCBuildConfiguration section */

/* Begin XCConfigurationList section */
		566FB60E2C45D495008BA172 /* Build configuration list for PBXProject "AppDocScan" */ = {
			isa = XCConfigurationList;
			buildConfigurations = (
				566FB6352C45D498008BA172 /* Debug */,
				566FB6362C45D498008BA172 /* Release */,
			);
			defaultConfigurationIsVisible = 0;
			defaultConfigurationName = Release;
		};
		566FB6372C45D498008BA172 /* Build configuration list for PBXNativeTarget "AppDocScan" */ = {
			isa = XCConfigurationList;
			buildConfigurations = (
				566FB6382C45D498008BA172 /* Debug */,
				566FB6392C45D498008BA172 /* Release */,
			);
			defaultConfigurationIsVisible = 0;
			defaultConfigurationName = Release;
		};
		566FB63A2C45D498008BA172 /* Build configuration list for PBXNativeTarget "AppDocScanTests" */ = {
			isa = XCConfigurationList;
			buildConfigurations = (
				566FB63B2C45D498008BA172 /* Debug */,
				566FB63C2C45D498008BA172 /* Release */,
			);
			defaultConfigurationIsVisible = 0;
			defaultConfigurationName = Release;
		};
		566FB63D2C45D498008BA172 /* Build configuration list for PBXNativeTarget "AppDocScanUITests" */ = {
			isa = XCConfigurationList;
			buildConfigurations = (
				566FB63E2C45D498008BA172 /* Debug */,
				566FB63F2C45D498008BA172 /* Release */,
			);
			defaultConfigurationIsVisible = 0;
			defaultConfigurationName = Release;
		};
/* End XCConfigurationList section */

/* Begin XCRemoteSwiftPackageReference section */
		566FB6442C45D8DA008BA172 /* XCRemoteSwiftPackageReference "opencv-spm" */ = {
			isa = XCRemoteSwiftPackageReference;
			repositoryURL = "https://github.com/yeatse/opencv-spm";
			requirement = {
				kind = upToNextMajorVersion;
				minimumVersion = 4.10.0;
			};
		};
/* End XCRemoteSwiftPackageReference section */

/* Begin XCSwiftPackageProductDependency section */
		566FB6452C45D8DA008BA172 /* OpenCV */ = {
			isa = XCSwiftPackageProductDependency;
			package = 566FB6442C45D8DA008BA172 /* XCRemoteSwiftPackageReference "opencv-spm" */;
			productName = OpenCV;
		};
/* End XCSwiftPackageProductDependency section */
	};
	rootObject = 566FB60B2C45D495008BA172 /* Project object */;
}
