// !$*UTF8*$!
{
	archiveVersion = 1;
	classes = {
	};
	objectVersion = 56;
	objects = {

/* Begin PBXBuildFile section */
		5697548B2C482A6600847F39 /* FrameworkDocScan.docc in Sources */ = {isa = PBXBuildFile; fileRef = 5697548A2C482A6600847F39 /* FrameworkDocScan.docc */; };
		569754912C482A6600847F39 /* FrameworkDocScan.framework in Frameworks */ = {isa = PBXBuildFile; fileRef = 569754862C482A6600847F39 /* FrameworkDocScan.framework */; };
		569754962C482A6600847F39 /* FrameworkDocScanTests.swift in Sources */ = {isa = PBXBuildFile; fileRef = 569754952C482A6600847F39 /* FrameworkDocScanTests.swift */; };
		569754972C482A6600847F39 /* FrameworkDocScan.h in Headers */ = {isa = PBXBuildFile; fileRef = 569754892C482A6600847F39 /* FrameworkDocScan.h */; settings = {ATTRIBUTES = (Public, ); }; };
		569754A12C482ABA00847F39 /* Greeting.swift in Sources */ = {isa = PBXBuildFile; fileRef = 569754A02C482ABA00847F39 /* Greeting.swift */; };
		56A590382C499BED00E10997 /* Point.cpp in Sources */ = {isa = PBXBuildFile; fileRef = 56A590362C499BED00E10997 /* Point.cpp */; };
		56A590392C499BED00E10997 /* Point.h in Headers */ = {isa = PBXBuildFile; fileRef = 56A590372C499BED00E10997 /* Point.h */; };
		56A590412C499F3800E10997 /* DocScanIntetion.swift in Sources */ = {isa = PBXBuildFile; fileRef = 56A590402C499F3800E10997 /* DocScanIntetion.swift */; };
		56A5904C2C49A10000E10997 /* DocScan.cpp in Sources */ = {isa = PBXBuildFile; fileRef = 56A5904A2C49A10000E10997 /* DocScan.cpp */; };
		56A5904D2C49A10000E10997 /* DocScan.hpp in Headers */ = {isa = PBXBuildFile; fileRef = 56A5904B2C49A10000E10997 /* DocScan.hpp */; };
		56A590502C49A17E00E10997 /* OpenCV in Frameworks */ = {isa = PBXBuildFile; productRef = 56A5904F2C49A17E00E10997 /* OpenCV */; };
/* End PBXBuildFile section */

/* Begin PBXContainerItemProxy section */
		569754922C482A6600847F39 /* PBXContainerItemProxy */ = {
			isa = PBXContainerItemProxy;
			containerPortal = 5697547D2C482A6500847F39 /* Project object */;
			proxyType = 1;
			remoteGlobalIDString = 569754852C482A6600847F39;
			remoteInfo = FrameworkDocScan;
		};
/* End PBXContainerItemProxy section */

/* Begin PBXFileReference section */
		569754862C482A6600847F39 /* FrameworkDocScan.framework */ = {isa = PBXFileReference; explicitFileType = wrapper.framework; includeInIndex = 0; path = FrameworkDocScan.framework; sourceTree = BUILT_PRODUCTS_DIR; };
		569754892C482A6600847F39 /* FrameworkDocScan.h */ = {isa = PBXFileReference; lastKnownFileType = sourcecode.c.h; path = FrameworkDocScan.h; sourceTree = "<group>"; };
		5697548A2C482A6600847F39 /* FrameworkDocScan.docc */ = {isa = PBXFileReference; lastKnownFileType = folder.documentationcatalog; path = FrameworkDocScan.docc; sourceTree = "<group>"; };
		569754902C482A6600847F39 /* FrameworkDocScanTests.xctest */ = {isa = PBXFileReference; explicitFileType = wrapper.cfbundle; includeInIndex = 0; path = FrameworkDocScanTests.xctest; sourceTree = BUILT_PRODUCTS_DIR; };
		569754952C482A6600847F39 /* FrameworkDocScanTests.swift */ = {isa = PBXFileReference; lastKnownFileType = sourcecode.swift; path = FrameworkDocScanTests.swift; sourceTree = "<group>"; };
		569754A02C482ABA00847F39 /* Greeting.swift */ = {isa = PBXFileReference; lastKnownFileType = sourcecode.swift; path = Greeting.swift; sourceTree = "<group>"; };
		56A590362C499BED00E10997 /* Point.cpp */ = {isa = PBXFileReference; lastKnownFileType = sourcecode.cpp.cpp; path = Point.cpp; sourceTree = "<group>"; };
		56A590372C499BED00E10997 /* Point.h */ = {isa = PBXFileReference; lastKnownFileType = sourcecode.c.h; path = Point.h; sourceTree = "<group>"; };
		56A5903B2C499CD100E10997 /* FrameworkDocScan-Bridging-Header.h */ = {isa = PBXFileReference; lastKnownFileType = sourcecode.c.h; path = "FrameworkDocScan-Bridging-Header.h"; sourceTree = "<group>"; };
		56A590402C499F3800E10997 /* DocScanIntetion.swift */ = {isa = PBXFileReference; lastKnownFileType = sourcecode.swift; path = DocScanIntetion.swift; sourceTree = "<group>"; };
		56A5904A2C49A10000E10997 /* DocScan.cpp */ = {isa = PBXFileReference; lastKnownFileType = sourcecode.cpp.cpp; path = DocScan.cpp; sourceTree = "<group>"; };
		56A5904B2C49A10000E10997 /* DocScan.hpp */ = {isa = PBXFileReference; lastKnownFileType = sourcecode.cpp.h; path = DocScan.hpp; sourceTree = "<group>"; };
/* End PBXFileReference section */

/* Begin PBXFrameworksBuildPhase section */
		569754832C482A6600847F39 /* Frameworks */ = {
			isa = PBXFrameworksBuildPhase;
			buildActionMask = 2147483647;
			files = (
				56A590502C49A17E00E10997 /* OpenCV in Frameworks */,
			);
			runOnlyForDeploymentPostprocessing = 0;
		};
		5697548D2C482A6600847F39 /* Frameworks */ = {
			isa = PBXFrameworksBuildPhase;
			buildActionMask = 2147483647;
			files = (
				569754912C482A6600847F39 /* FrameworkDocScan.framework in Frameworks */,
			);
			runOnlyForDeploymentPostprocessing = 0;
		};
/* End PBXFrameworksBuildPhase section */

/* Begin PBXGroup section */
		5697547C2C482A6500847F39 = {
			isa = PBXGroup;
			children = (
				569754882C482A6600847F39 /* FrameworkDocScan */,
				569754942C482A6600847F39 /* FrameworkDocScanTests */,
				569754872C482A6600847F39 /* Products */,
			);
			sourceTree = "<group>";
		};
		569754872C482A6600847F39 /* Products */ = {
			isa = PBXGroup;
			children = (
				569754862C482A6600847F39 /* FrameworkDocScan.framework */,
				569754902C482A6600847F39 /* FrameworkDocScanTests.xctest */,
			);
			name = Products;
			sourceTree = "<group>";
		};
		569754882C482A6600847F39 /* FrameworkDocScan */ = {
			isa = PBXGroup;
			children = (
				56A590342C499BD300E10997 /* Intention */,
				569754892C482A6600847F39 /* FrameworkDocScan.h */,
				56A5903B2C499CD100E10997 /* FrameworkDocScan-Bridging-Header.h */,
				5697548A2C482A6600847F39 /* FrameworkDocScan.docc */,
				569754A02C482ABA00847F39 /* Greeting.swift */,
			);
			path = FrameworkDocScan;
			sourceTree = "<group>";
		};
		569754942C482A6600847F39 /* FrameworkDocScanTests */ = {
			isa = PBXGroup;
			children = (
				569754952C482A6600847F39 /* FrameworkDocScanTests.swift */,
			);
			path = FrameworkDocScanTests;
			sourceTree = "<group>";
		};
		56A590342C499BD300E10997 /* Intention */ = {
			isa = PBXGroup;
			children = (
				56A590352C499BDE00E10997 /* C++ */,
				56A590402C499F3800E10997 /* DocScanIntetion.swift */,
			);
			path = Intention;
			sourceTree = "<group>";
		};
		56A590352C499BDE00E10997 /* C++ */ = {
			isa = PBXGroup;
			children = (
				56A590362C499BED00E10997 /* Point.cpp */,
				56A590372C499BED00E10997 /* Point.h */,
				56A5904A2C49A10000E10997 /* DocScan.cpp */,
				56A5904B2C49A10000E10997 /* DocScan.hpp */,
			);
			path = "C++";
			sourceTree = "<group>";
		};
/* End PBXGroup section */

/* Begin PBXHeadersBuildPhase section */
		569754812C482A6600847F39 /* Headers */ = {
			isa = PBXHeadersBuildPhase;
			buildActionMask = 2147483647;
			files = (
				569754972C482A6600847F39 /* FrameworkDocScan.h in Headers */,
				56A5904D2C49A10000E10997 /* DocScan.hpp in Headers */,
				56A590392C499BED00E10997 /* Point.h in Headers */,
			);
			runOnlyForDeploymentPostprocessing = 0;
		};
/* End PBXHeadersBuildPhase section */

/* Begin PBXNativeTarget section */
		569754852C482A6600847F39 /* FrameworkDocScan */ = {
			isa = PBXNativeTarget;
			buildConfigurationList = 5697549A2C482A6600847F39 /* Build configuration list for PBXNativeTarget "FrameworkDocScan" */;
			buildPhases = (
				569754812C482A6600847F39 /* Headers */,
				569754822C482A6600847F39 /* Sources */,
				569754832C482A6600847F39 /* Frameworks */,
				569754842C482A6600847F39 /* Resources */,
			);
			buildRules = (
			);
			dependencies = (
			);
			name = FrameworkDocScan;
			packageProductDependencies = (
				56A5904F2C49A17E00E10997 /* OpenCV */,
			);
			productName = FrameworkDocScan;
			productReference = 569754862C482A6600847F39 /* FrameworkDocScan.framework */;
			productType = "com.apple.product-type.framework";
		};
		5697548F2C482A6600847F39 /* FrameworkDocScanTests */ = {
			isa = PBXNativeTarget;
			buildConfigurationList = 5697549D2C482A6600847F39 /* Build configuration list for PBXNativeTarget "FrameworkDocScanTests" */;
			buildPhases = (
				5697548C2C482A6600847F39 /* Sources */,
				5697548D2C482A6600847F39 /* Frameworks */,
				5697548E2C482A6600847F39 /* Resources */,
			);
			buildRules = (
			);
			dependencies = (
				569754932C482A6600847F39 /* PBXTargetDependency */,
			);
			name = FrameworkDocScanTests;
			productName = FrameworkDocScanTests;
			productReference = 569754902C482A6600847F39 /* FrameworkDocScanTests.xctest */;
			productType = "com.apple.product-type.bundle.unit-test";
		};
/* End PBXNativeTarget section */

/* Begin PBXProject section */
		5697547D2C482A6500847F39 /* Project object */ = {
			isa = PBXProject;
			attributes = {
				BuildIndependentTargetsInParallel = 1;
				LastSwiftUpdateCheck = 1520;
				LastUpgradeCheck = 1520;
				TargetAttributes = {
					569754852C482A6600847F39 = {
						CreatedOnToolsVersion = 15.2;
						LastSwiftMigration = 1520;
					};
					5697548F2C482A6600847F39 = {
						CreatedOnToolsVersion = 15.2;
					};
				};
			};
			buildConfigurationList = 569754802C482A6500847F39 /* Build configuration list for PBXProject "FrameworkDocScan" */;
			compatibilityVersion = "Xcode 14.0";
			developmentRegion = en;
			hasScannedForEncodings = 0;
			knownRegions = (
				en,
				Base,
			);
			mainGroup = 5697547C2C482A6500847F39;
			packageReferences = (
				56A5904E2C49A17E00E10997 /* XCRemoteSwiftPackageReference "opencv-spm" */,
			);
			productRefGroup = 569754872C482A6600847F39 /* Products */;
			projectDirPath = "";
			projectRoot = "";
			targets = (
				569754852C482A6600847F39 /* FrameworkDocScan */,
				5697548F2C482A6600847F39 /* FrameworkDocScanTests */,
			);
		};
/* End PBXProject section */

/* Begin PBXResourcesBuildPhase section */
		569754842C482A6600847F39 /* Resources */ = {
			isa = PBXResourcesBuildPhase;
			buildActionMask = 2147483647;
			files = (
			);
			runOnlyForDeploymentPostprocessing = 0;
		};
		5697548E2C482A6600847F39 /* Resources */ = {
			isa = PBXResourcesBuildPhase;
			buildActionMask = 2147483647;
			files = (
			);
			runOnlyForDeploymentPostprocessing = 0;
		};
/* End PBXResourcesBuildPhase section */

/* Begin PBXSourcesBuildPhase section */
		569754822C482A6600847F39 /* Sources */ = {
			isa = PBXSourcesBuildPhase;
			buildActionMask = 2147483647;
			files = (
				56A590382C499BED00E10997 /* Point.cpp in Sources */,
				56A590412C499F3800E10997 /* DocScanIntetion.swift in Sources */,
				569754A12C482ABA00847F39 /* Greeting.swift in Sources */,
				5697548B2C482A6600847F39 /* FrameworkDocScan.docc in Sources */,
				56A5904C2C49A10000E10997 /* DocScan.cpp in Sources */,
			);
			runOnlyForDeploymentPostprocessing = 0;
		};
		5697548C2C482A6600847F39 /* Sources */ = {
			isa = PBXSourcesBuildPhase;
			buildActionMask = 2147483647;
			files = (
				569754962C482A6600847F39 /* FrameworkDocScanTests.swift in Sources */,
			);
			runOnlyForDeploymentPostprocessing = 0;
		};
/* End PBXSourcesBuildPhase section */

/* Begin PBXTargetDependency section */
		569754932C482A6600847F39 /* PBXTargetDependency */ = {
			isa = PBXTargetDependency;
			target = 569754852C482A6600847F39 /* FrameworkDocScan */;
			targetProxy = 569754922C482A6600847F39 /* PBXContainerItemProxy */;
		};
/* End PBXTargetDependency section */

/* Begin XCBuildConfiguration section */
		569754982C482A6600847F39 /* Debug */ = {
			isa = XCBuildConfiguration;
			buildSettings = {
				ALWAYS_SEARCH_USER_PATHS = NO;
				ASSETCATALOG_COMPILER_GENERATE_SWIFT_ASSET_SYMBOL_EXTENSIONS = YES;
				CLANG_ANALYZER_NONNULL = YES;
				CLANG_ANALYZER_NUMBER_OBJECT_CONVERSION = YES_AGGRESSIVE;
				CLANG_CXX_LANGUAGE_STANDARD = "gnu++20";
				CLANG_ENABLE_MODULES = YES;
				CLANG_ENABLE_OBJC_ARC = YES;
				CLANG_ENABLE_OBJC_WEAK = YES;
				CLANG_WARN_BLOCK_CAPTURE_AUTORELEASING = YES;
				CLANG_WARN_BOOL_CONVERSION = YES;
				CLANG_WARN_COMMA = YES;
				CLANG_WARN_CONSTANT_CONVERSION = YES;
				CLANG_WARN_DEPRECATED_OBJC_IMPLEMENTATIONS = YES;
				CLANG_WARN_DIRECT_OBJC_ISA_USAGE = YES_ERROR;
				CLANG_WARN_DOCUMENTATION_COMMENTS = YES;
				CLANG_WARN_EMPTY_BODY = YES;
				CLANG_WARN_ENUM_CONVERSION = YES;
				CLANG_WARN_INFINITE_RECURSION = YES;
				CLANG_WARN_INT_CONVERSION = YES;
				CLANG_WARN_NON_LITERAL_NULL_CONVERSION = YES;
				CLANG_WARN_OBJC_IMPLICIT_RETAIN_SELF = YES;
				CLANG_WARN_OBJC_LITERAL_CONVERSION = YES;
				CLANG_WARN_OBJC_ROOT_CLASS = YES_ERROR;
				CLANG_WARN_QUOTED_INCLUDE_IN_FRAMEWORK_HEADER = YES;
				CLANG_WARN_RANGE_LOOP_ANALYSIS = YES;
				CLANG_WARN_STRICT_PROTOTYPES = YES;
				CLANG_WARN_SUSPICIOUS_MOVE = YES;
				CLANG_WARN_UNGUARDED_AVAILABILITY = YES_AGGRESSIVE;
				CLANG_WARN_UNREACHABLE_CODE = YES;
				CLANG_WARN__DUPLICATE_METHOD_MATCH = YES;
				COPY_PHASE_STRIP = NO;
				CURRENT_PROJECT_VERSION = 1;
				DEBUG_INFORMATION_FORMAT = dwarf;
				ENABLE_STRICT_OBJC_MSGSEND = YES;
				ENABLE_TESTABILITY = YES;
				ENABLE_USER_SCRIPT_SANDBOXING = YES;
				GCC_C_LANGUAGE_STANDARD = gnu17;
				GCC_DYNAMIC_NO_PIC = NO;
				GCC_NO_COMMON_BLOCKS = YES;
				GCC_OPTIMIZATION_LEVEL = 0;
				GCC_PREPROCESSOR_DEFINITIONS = (
					"DEBUG=1",
					"$(inherited)",
				);
				GCC_WARN_64_TO_32_BIT_CONVERSION = YES;
				GCC_WARN_ABOUT_RETURN_TYPE = YES_ERROR;
				GCC_WARN_UNDECLARED_SELECTOR = YES;
				GCC_WARN_UNINITIALIZED_AUTOS = YES_AGGRESSIVE;
				GCC_WARN_UNUSED_FUNCTION = YES;
				GCC_WARN_UNUSED_VARIABLE = YES;
				IPHONEOS_DEPLOYMENT_TARGET = 17.2;
				LOCALIZATION_PREFERS_STRING_CATALOGS = YES;
				MTL_ENABLE_DEBUG_INFO = INCLUDE_SOURCE;
				MTL_FAST_MATH = YES;
				ONLY_ACTIVE_ARCH = YES;
				SDKROOT = iphoneos;
				SWIFT_ACTIVE_COMPILATION_CONDITIONS = "DEBUG $(inherited)";
				SWIFT_OPTIMIZATION_LEVEL = "-Onone";
				VERSIONING_SYSTEM = "apple-generic";
				VERSION_INFO_PREFIX = "";
			};
			name = Debug;
		};
		569754992C482A6600847F39 /* Release */ = {
			isa = XCBuildConfiguration;
			buildSettings = {
				ALWAYS_SEARCH_USER_PATHS = NO;
				ASSETCATALOG_COMPILER_GENERATE_SWIFT_ASSET_SYMBOL_EXTENSIONS = YES;
				CLANG_ANALYZER_NONNULL = YES;
				CLANG_ANALYZER_NUMBER_OBJECT_CONVERSION = YES_AGGRESSIVE;
				CLANG_CXX_LANGUAGE_STANDARD = "gnu++20";
				CLANG_ENABLE_MODULES = YES;
				CLANG_ENABLE_OBJC_ARC = YES;
				CLANG_ENABLE_OBJC_WEAK = YES;
				CLANG_WARN_BLOCK_CAPTURE_AUTORELEASING = YES;
				CLANG_WARN_BOOL_CONVERSION = YES;
				CLANG_WARN_COMMA = YES;
				CLANG_WARN_CONSTANT_CONVERSION = YES;
				CLANG_WARN_DEPRECATED_OBJC_IMPLEMENTATIONS = YES;
				CLANG_WARN_DIRECT_OBJC_ISA_USAGE = YES_ERROR;
				CLANG_WARN_DOCUMENTATION_COMMENTS = YES;
				CLANG_WARN_EMPTY_BODY = YES;
				CLANG_WARN_ENUM_CONVERSION = YES;
				CLANG_WARN_INFINITE_RECURSION = YES;
				CLANG_WARN_INT_CONVERSION = YES;
				CLANG_WARN_NON_LITERAL_NULL_CONVERSION = YES;
				CLANG_WARN_OBJC_IMPLICIT_RETAIN_SELF = YES;
				CLANG_WARN_OBJC_LITERAL_CONVERSION = YES;
				CLANG_WARN_OBJC_ROOT_CLASS = YES_ERROR;
				CLANG_WARN_QUOTED_INCLUDE_IN_FRAMEWORK_HEADER = YES;
				CLANG_WARN_RANGE_LOOP_ANALYSIS = YES;
				CLANG_WARN_STRICT_PROTOTYPES = YES;
				CLANG_WARN_SUSPICIOUS_MOVE = YES;
				CLANG_WARN_UNGUARDED_AVAILABILITY = YES_AGGRESSIVE;
				CLANG_WARN_UNREACHABLE_CODE = YES;
				CLANG_WARN__DUPLICATE_METHOD_MATCH = YES;
				COPY_PHASE_STRIP = NO;
				CURRENT_PROJECT_VERSION = 1;
				DEBUG_INFORMATION_FORMAT = "dwarf-with-dsym";
				ENABLE_NS_ASSERTIONS = NO;
				ENABLE_STRICT_OBJC_MSGSEND = YES;
				ENABLE_USER_SCRIPT_SANDBOXING = YES;
				GCC_C_LANGUAGE_STANDARD = gnu17;
				GCC_NO_COMMON_BLOCKS = YES;
				GCC_WARN_64_TO_32_BIT_CONVERSION = YES;
				GCC_WARN_ABOUT_RETURN_TYPE = YES_ERROR;
				GCC_WARN_UNDECLARED_SELECTOR = YES;
				GCC_WARN_UNINITIALIZED_AUTOS = YES_AGGRESSIVE;
				GCC_WARN_UNUSED_FUNCTION = YES;
				GCC_WARN_UNUSED_VARIABLE = YES;
				IPHONEOS_DEPLOYMENT_TARGET = 17.2;
				LOCALIZATION_PREFERS_STRING_CATALOGS = YES;
				MTL_ENABLE_DEBUG_INFO = NO;
				MTL_FAST_MATH = YES;
				SDKROOT = iphoneos;
				SWIFT_COMPILATION_MODE = wholemodule;
				VALIDATE_PRODUCT = YES;
				VERSIONING_SYSTEM = "apple-generic";
				VERSION_INFO_PREFIX = "";
			};
			name = Release;
		};
		5697549B2C482A6600847F39 /* Debug */ = {
			isa = XCBuildConfiguration;
			buildSettings = {
				CLANG_ENABLE_MODULES = YES;
				CODE_SIGN_STYLE = Automatic;
				CURRENT_PROJECT_VERSION = 1;
				DEFINES_MODULE = YES;
				DEVELOPMENT_TEAM = PHL7DREDLZ;
				DYLIB_COMPATIBILITY_VERSION = 1;
				DYLIB_CURRENT_VERSION = 1;
				DYLIB_INSTALL_NAME_BASE = "@rpath";
				ENABLE_MODULE_VERIFIER = YES;
				GENERATE_INFOPLIST_FILE = YES;
				INFOPLIST_KEY_NSHumanReadableCopyright = "";
				INSTALL_PATH = "$(LOCAL_LIBRARY_DIR)/Frameworks";
				LD_RUNPATH_SEARCH_PATHS = (
					"$(inherited)",
					"@executable_path/Frameworks",
					"@loader_path/Frameworks",
				);
				MARKETING_VERSION = 1.0;
				MODULE_VERIFIER_SUPPORTED_LANGUAGES = "objective-c objective-c++";
				MODULE_VERIFIER_SUPPORTED_LANGUAGE_STANDARDS = "gnu17 gnu++20";
				PRODUCT_BUNDLE_IDENTIFIER = com.uzupis.AppDocScan.FrameworkDocScan;
				PRODUCT_NAME = "$(TARGET_NAME:c99extidentifier)";
				SKIP_INSTALL = YES;
				SUPPORTED_PLATFORMS = "iphoneos iphonesimulator";
				SUPPORTS_MACCATALYST = NO;
				SUPPORTS_MAC_DESIGNED_FOR_IPHONE_IPAD = NO;
				SUPPORTS_XR_DESIGNED_FOR_IPHONE_IPAD = NO;
				SWIFT_EMIT_LOC_STRINGS = YES;
				SWIFT_OBJC_BRIDGING_HEADER = "FrameworkDocScan/FrameworkDocScan-Bridging-Header.h";
				SWIFT_OPTIMIZATION_LEVEL = "-Onone";
				SWIFT_VERSION = 5.0;
				TARGETED_DEVICE_FAMILY = "1,2";
			};
			name = Debug;
		};
		5697549C2C482A6600847F39 /* Release */ = {
			isa = XCBuildConfiguration;
			buildSettings = {
				CLANG_ENABLE_MODULES = YES;
				CODE_SIGN_STYLE = Automatic;
				CURRENT_PROJECT_VERSION = 1;
				DEFINES_MODULE = YES;
				DEVELOPMENT_TEAM = PHL7DREDLZ;
				DYLIB_COMPATIBILITY_VERSION = 1;
				DYLIB_CURRENT_VERSION = 1;
				DYLIB_INSTALL_NAME_BASE = "@rpath";
				ENABLE_MODULE_VERIFIER = YES;
				GENERATE_INFOPLIST_FILE = YES;
				INFOPLIST_KEY_NSHumanReadableCopyright = "";
				INSTALL_PATH = "$(LOCAL_LIBRARY_DIR)/Frameworks";
				LD_RUNPATH_SEARCH_PATHS = (
					"$(inherited)",
					"@executable_path/Frameworks",
					"@loader_path/Frameworks",
				);
				MARKETING_VERSION = 1.0;
				MODULE_VERIFIER_SUPPORTED_LANGUAGES = "objective-c objective-c++";
				MODULE_VERIFIER_SUPPORTED_LANGUAGE_STANDARDS = "gnu17 gnu++20";
				PRODUCT_BUNDLE_IDENTIFIER = com.uzupis.AppDocScan.FrameworkDocScan;
				PRODUCT_NAME = "$(TARGET_NAME:c99extidentifier)";
				SKIP_INSTALL = YES;
				SUPPORTED_PLATFORMS = "iphoneos iphonesimulator";
				SUPPORTS_MACCATALYST = NO;
				SUPPORTS_MAC_DESIGNED_FOR_IPHONE_IPAD = NO;
				SUPPORTS_XR_DESIGNED_FOR_IPHONE_IPAD = NO;
				SWIFT_EMIT_LOC_STRINGS = YES;
				SWIFT_OBJC_BRIDGING_HEADER = "FrameworkDocScan/FrameworkDocScan-Bridging-Header.h";
				SWIFT_VERSION = 5.0;
				TARGETED_DEVICE_FAMILY = "1,2";
			};
			name = Release;
		};
		5697549E2C482A6600847F39 /* Debug */ = {
			isa = XCBuildConfiguration;
			buildSettings = {
				ALWAYS_EMBED_SWIFT_STANDARD_LIBRARIES = YES;
				CODE_SIGN_STYLE = Automatic;
				CURRENT_PROJECT_VERSION = 1;
				DEVELOPMENT_TEAM = F6KDBC2B2W;
				GENERATE_INFOPLIST_FILE = YES;
				MARKETING_VERSION = 1.0;
				PRODUCT_BUNDLE_IDENTIFIER = com.uzupis.AppDocScan.FrameworkDocScanTests;
				PRODUCT_NAME = "$(TARGET_NAME)";
				SWIFT_EMIT_LOC_STRINGS = NO;
				SWIFT_VERSION = 5.0;
				TARGETED_DEVICE_FAMILY = "1,2";
			};
			name = Debug;
		};
		5697549F2C482A6600847F39 /* Release */ = {
			isa = XCBuildConfiguration;
			buildSettings = {
				ALWAYS_EMBED_SWIFT_STANDARD_LIBRARIES = YES;
				CODE_SIGN_STYLE = Automatic;
				CURRENT_PROJECT_VERSION = 1;
				DEVELOPMENT_TEAM = F6KDBC2B2W;
				GENERATE_INFOPLIST_FILE = YES;
				MARKETING_VERSION = 1.0;
				PRODUCT_BUNDLE_IDENTIFIER = com.uzupis.AppDocScan.FrameworkDocScanTests;
				PRODUCT_NAME = "$(TARGET_NAME)";
				SWIFT_EMIT_LOC_STRINGS = NO;
				SWIFT_VERSION = 5.0;
				TARGETED_DEVICE_FAMILY = "1,2";
			};
			name = Release;
		};
/* End XCBuildConfiguration section */

/* Begin XCConfigurationList section */
		569754802C482A6500847F39 /* Build configuration list for PBXProject "FrameworkDocScan" */ = {
			isa = XCConfigurationList;
			buildConfigurations = (
				569754982C482A6600847F39 /* Debug */,
				569754992C482A6600847F39 /* Release */,
			);
			defaultConfigurationIsVisible = 0;
			defaultConfigurationName = Release;
		};
		5697549A2C482A6600847F39 /* Build configuration list for PBXNativeTarget "FrameworkDocScan" */ = {
			isa = XCConfigurationList;
			buildConfigurations = (
				5697549B2C482A6600847F39 /* Debug */,
				5697549C2C482A6600847F39 /* Release */,
			);
			defaultConfigurationIsVisible = 0;
			defaultConfigurationName = Release;
		};
		5697549D2C482A6600847F39 /* Build configuration list for PBXNativeTarget "FrameworkDocScanTests" */ = {
			isa = XCConfigurationList;
			buildConfigurations = (
				5697549E2C482A6600847F39 /* Debug */,
				5697549F2C482A6600847F39 /* Release */,
			);
			defaultConfigurationIsVisible = 0;
			defaultConfigurationName = Release;
		};
/* End XCConfigurationList section */

/* Begin XCRemoteSwiftPackageReference section */
		56A5904E2C49A17E00E10997 /* XCRemoteSwiftPackageReference "opencv-spm" */ = {
			isa = XCRemoteSwiftPackageReference;
			repositoryURL = "https://github.com/yeatse/opencv-spm";
			requirement = {
				kind = upToNextMajorVersion;
				minimumVersion = 4.10.0;
			};
		};
/* End XCRemoteSwiftPackageReference section */

/* Begin XCSwiftPackageProductDependency section */
		56A5904F2C49A17E00E10997 /* OpenCV */ = {
			isa = XCSwiftPackageProductDependency;
			package = 56A5904E2C49A17E00E10997 /* XCRemoteSwiftPackageReference "opencv-spm" */;
			productName = OpenCV;
		};
/* End XCSwiftPackageProductDependency section */
	};
	rootObject = 5697547D2C482A6500847F39 /* Project object */;
}
